// !$*UTF8*$!
{
	archiveVersion = 1;
	classes = {
	};
	objectVersion = 46;
	objects = {

/* Begin PBXBuildFile section */
		7E033E581C6A845000D3379D /* memory.cpp in Sources */ = {isa = PBXBuildFile; fileRef = 7E033E541C6A845000D3379D /* memory.cpp */; };
		7E033E6C1C6C878400D3379D /* camera_pool.cpp in Sources */ = {isa = PBXBuildFile; fileRef = 7E033E5A1C6C878400D3379D /* camera_pool.cpp */; };
		7E033E6D1C6C878400D3379D /* entity_pool.cpp in Sources */ = {isa = PBXBuildFile; fileRef = 7E033E5E1C6C878400D3379D /* entity_pool.cpp */; };
		7E033E6E1C6C878400D3379D /* graph_change_pool.cpp in Sources */ = {isa = PBXBuildFile; fileRef = 7E033E601C6C878400D3379D /* graph_change_pool.cpp */; };
		7E033E6F1C6C878400D3379D /* logic_pool.cpp in Sources */ = {isa = PBXBuildFile; fileRef = 7E033E621C6C878400D3379D /* logic_pool.cpp */; };
		7E033E701C6C878400D3379D /* model_pool.cpp in Sources */ = {isa = PBXBuildFile; fileRef = 7E033E641C6C878400D3379D /* model_pool.cpp */; };
		7E033E711C6C878400D3379D /* rigidbody_pool.cpp in Sources */ = {isa = PBXBuildFile; fileRef = 7E033E661C6C878400D3379D /* rigidbody_pool.cpp */; };
		7E033E721C6C878400D3379D /* texture_pool.cpp in Sources */ = {isa = PBXBuildFile; fileRef = 7E033E681C6C878400D3379D /* texture_pool.cpp */; };
		7E033E781C6C88F200D3379D /* world_pools.cpp in Sources */ = {isa = PBXBuildFile; fileRef = 7E033E761C6C88F200D3379D /* world_pools.cpp */; };
		7E033E7B1C6C915800D3379D /* world.cpp in Sources */ = {isa = PBXBuildFile; fileRef = 7E033E791C6C915800D3379D /* world.cpp */; };
		7E033E7E1C6D340800D3379D /* input_pool.cpp in Sources */ = {isa = PBXBuildFile; fileRef = 7E033E7C1C6D340800D3379D /* input_pool.cpp */; };
		7E033E821C6E699D00D3379D /* net_entity_pool.cpp in Sources */ = {isa = PBXBuildFile; fileRef = 7E033E801C6E699D00D3379D /* net_entity_pool.cpp */; };
		7E033E851C6F296700D3379D /* physics_world.cpp in Sources */ = {isa = PBXBuildFile; fileRef = 7E033E831C6F296700D3379D /* physics_world.cpp */; };
		7E033E8A1C70621800D3379D /* network_data.cpp in Sources */ = {isa = PBXBuildFile; fileRef = 7E033E881C70621800D3379D /* network_data.cpp */; };
		7E033E8D1C70622F00D3379D /* interpolation_pool.cpp in Sources */ = {isa = PBXBuildFile; fileRef = 7E033E8B1C70622F00D3379D /* interpolation_pool.cpp */; };
		7E03C4341C68D22E0079DA81 /* network_player_controller.cpp in Sources */ = {isa = PBXBuildFile; fileRef = 7E03C4321C68D22E0079DA81 /* network_player_controller.cpp */; };
		7E09B5121C7A446000DD97F3 /* audio_system.cpp in Sources */ = {isa = PBXBuildFile; fileRef = 7E09B5111C7A446000DD97F3 /* audio_system.cpp */; };
		7E0D475C1C786A6300FD7752 /* transformations.cpp in Sources */ = {isa = PBXBuildFile; fileRef = 7E0D475A1C786A6300FD7752 /* transformations.cpp */; };
		7E0D47631C79133A00FD7752 /* camera.cpp in Sources */ = {isa = PBXBuildFile; fileRef = 7E0D475E1C79133A00FD7752 /* camera.cpp */; };
		7E0D47641C79133A00FD7752 /* peers.cpp in Sources */ = {isa = PBXBuildFile; fileRef = 7E0D47611C79133A00FD7752 /* peers.cpp */; };
		7EA1A1F91C3984D0009867BD /* libenet.a in Frameworks */ = {isa = PBXBuildFile; fileRef = 7EA1A1F81C3984D0009867BD /* libenet.a */; };
		7EA2C61E1C1F5D4600389748 /* wired_app.cpp in Sources */ = {isa = PBXBuildFile; fileRef = 7EA2C61D1C1F5D4600389748 /* wired_app.cpp */; };
		7EA2C6201C1F5E2A00389748 /* OpenGL.framework in Frameworks */ = {isa = PBXBuildFile; fileRef = 7EA2C61F1C1F5E2A00389748 /* OpenGL.framework */; };
		7EA2C6551C1F637D00389748 /* assets in Resources */ = {isa = PBXBuildFile; fileRef = 7EA2C6541C1F637D00389748 /* assets */; };
		7EAD4CCA1C623C97007F6A9C /* local_player_controller.cpp in Sources */ = {isa = PBXBuildFile; fileRef = 7EAD4CC81C623C97007F6A9C /* local_player_controller.cpp */; };
		7EAD4CD61C628524007F6A9C /* event.cpp in Sources */ = {isa = PBXBuildFile; fileRef = 7EAD4CCF1C628524007F6A9C /* event.cpp */; };
		7EAD4CD71C628524007F6A9C /* event_controller.cpp in Sources */ = {isa = PBXBuildFile; fileRef = 7EAD4CD11C628524007F6A9C /* event_controller.cpp */; };
		7EAD4CD81C628524007F6A9C /* event_manager.cpp in Sources */ = {isa = PBXBuildFile; fileRef = 7EAD4CD41C628524007F6A9C /* event_manager.cpp */; };
		7EAD4CDD1C63340D007F6A9C /* npc_actor_controller.cpp in Sources */ = {isa = PBXBuildFile; fileRef = 7EAD4CDB1C63340D007F6A9C /* npc_actor_controller.cpp */; };
		7EAD4CE41C638F6D007F6A9C /* core_data.cpp in Sources */ = {isa = PBXBuildFile; fileRef = 7EAD4CE21C638F6D007F6A9C /* core_data.cpp */; };
		7EAD4CEE1C638F8E007F6A9C /* controller.cpp in Sources */ = {isa = PBXBuildFile; fileRef = 7EAD4CE81C638F8E007F6A9C /* controller.cpp */; };
		7EAD4CEF1C638F8E007F6A9C /* input.cpp in Sources */ = {isa = PBXBuildFile; fileRef = 7EAD4CEC1C638F8E007F6A9C /* input.cpp */; };
		7EAD4CF51C6684BD007F6A9C /* ray.cpp in Sources */ = {isa = PBXBuildFile; fileRef = 7EAD4CF31C6684BD007F6A9C /* ray.cpp */; };
		7EAD4CFF1C668F72007F6A9C /* application_client.cpp in Sources */ = {isa = PBXBuildFile; fileRef = 7EAD4CF71C668F72007F6A9C /* application_client.cpp */; };
		7EAD4D001C668F72007F6A9C /* application_common.cpp in Sources */ = {isa = PBXBuildFile; fileRef = 7EAD4CF91C668F72007F6A9C /* application_common.cpp */; };
		7EAD4D011C668F72007F6A9C /* application_graphics.cpp in Sources */ = {isa = PBXBuildFile; fileRef = 7EAD4CFB1C668F72007F6A9C /* application_graphics.cpp */; };
		7EAD4D021C668F72007F6A9C /* application_host.cpp in Sources */ = {isa = PBXBuildFile; fileRef = 7EAD4CFD1C668F72007F6A9C /* application_host.cpp */; };
		7EC9B9811C3ECACA00FBF1D7 /* network_events.cpp in Sources */ = {isa = PBXBuildFile; fileRef = 7EC9B97F1C3ECACA00FBF1D7 /* network_events.cpp */; };
		7EC9B99D1C418A3000FBF1D7 /* ogl_shader.cpp in Sources */ = {isa = PBXBuildFile; fileRef = 7EC9B9941C418A3000FBF1D7 /* ogl_shader.cpp */; };
		7EC9B99E1C418A3000FBF1D7 /* ogl_texture.cpp in Sources */ = {isa = PBXBuildFile; fileRef = 7EC9B9961C418A3000FBF1D7 /* ogl_texture.cpp */; };
		7EC9B99F1C418A3000FBF1D7 /* ogl_texture_filtering.cpp in Sources */ = {isa = PBXBuildFile; fileRef = 7EC9B9981C418A3000FBF1D7 /* ogl_texture_filtering.cpp */; };
		7EC9B9A31C43838200FBF1D7 /* ogl_shader_uniform.cpp in Sources */ = {isa = PBXBuildFile; fileRef = 7EC9B9A11C43838200FBF1D7 /* ogl_shader_uniform.cpp */; };
		7EC9B9CA1C4844BE00FBF1D7 /* sdl_environment.cpp in Sources */ = {isa = PBXBuildFile; fileRef = 7EC9B9C71C4844BE00FBF1D7 /* sdl_environment.cpp */; };
		7EC9B9CB1C4844BE00FBF1D7 /* sdl_input.cpp in Sources */ = {isa = PBXBuildFile; fileRef = 7EC9B9C81C4844BE00FBF1D7 /* sdl_input.cpp */; };
		7EC9B9CC1C4844BE00FBF1D7 /* sdl_window.cpp in Sources */ = {isa = PBXBuildFile; fileRef = 7EC9B9C91C4844BE00FBF1D7 /* sdl_window.cpp */; };
		7EC9B9DD1C4C305900FBF1D7 /* rigidbody_collider.cpp in Sources */ = {isa = PBXBuildFile; fileRef = 7EC9B9DB1C4C305900FBF1D7 /* rigidbody_collider.cpp */; };
		7ED7BBC91C3CF8B100CE80EA /* entity_factory.cpp in Sources */ = {isa = PBXBuildFile; fileRef = 7ED7BB841C3CF8B100CE80EA /* entity_factory.cpp */; };
		7ED7BBD21C3CF8B100CE80EA /* debug_line.cpp in Sources */ = {isa = PBXBuildFile; fileRef = 7ED7BBA41C3CF8B100CE80EA /* debug_line.cpp */; };
		7ED7BBD31C3CF8B100CE80EA /* debug_line_renderer.cpp in Sources */ = {isa = PBXBuildFile; fileRef = 7ED7BBA71C3CF8B100CE80EA /* debug_line_renderer.cpp */; };
		7ED7BBD71C3CF8B100CE80EA /* simple_renderer.cpp in Sources */ = {isa = PBXBuildFile; fileRef = 7ED7BBB91C3CF8B100CE80EA /* simple_renderer.cpp */; };
		7ED7BBD81C3CF8B100CE80EA /* net_transform.cpp in Sources */ = {isa = PBXBuildFile; fileRef = 7ED7BBBE1C3CF8B100CE80EA /* net_transform.cpp */; };
		7ED7BBD91C3CF8B100CE80EA /* network.cpp in Sources */ = {isa = PBXBuildFile; fileRef = 7ED7BBC21C3CF8B100CE80EA /* network.cpp */; };
		7ED7BBDD1C3CF8FE00CE80EA /* resources.cpp in Sources */ = {isa = PBXBuildFile; fileRef = 7ED7BBDB1C3CF8FE00CE80EA /* resources.cpp */; };
		7ED7BBEF1C3CF9C700CE80EA /* directory_mac.mm in Sources */ = {isa = PBXBuildFile; fileRef = 7ED7BBE21C3CF9C700CE80EA /* directory_mac.mm */; };
		7ED7BBF11C3CF9C700CE80EA /* logging.cpp in Sources */ = {isa = PBXBuildFile; fileRef = 7ED7BBE61C3CF9C700CE80EA /* logging.cpp */; };
		7ED7BBF21C3CF9C700CE80EA /* obj_model_loader.cpp in Sources */ = {isa = PBXBuildFile; fileRef = 7ED7BBE81C3CF9C700CE80EA /* obj_model_loader.cpp */; };
		7ED7BBF31C3CF9C700CE80EA /* timer.cpp in Sources */ = {isa = PBXBuildFile; fileRef = 7ED7BBEB1C3CF9C700CE80EA /* timer.cpp */; };
		7ED7BC001C3E561700CE80EA /* texture_manager.cpp in Sources */ = {isa = PBXBuildFile; fileRef = 7ED7BBFD1C3E561600CE80EA /* texture_manager.cpp */; };
		7ED7BC041C3E566000CE80EA /* model_manager.cpp in Sources */ = {isa = PBXBuildFile; fileRef = 7ED7BC021C3E566000CE80EA /* model_manager.cpp */; };
		7ED7BC1B1C3E56D000CE80EA /* generic_id.cpp in Sources */ = {isa = PBXBuildFile; fileRef = 7ED7BC0B1C3E56D000CE80EA /* generic_id.cpp */; };
		7ED7BC1C1C3E56D000CE80EA /* debug_renderer.cpp in Sources */ = {isa = PBXBuildFile; fileRef = 7ED7BC0E1C3E56D000CE80EA /* debug_renderer.cpp */; };
		7ED7BC1D1C3E56D000CE80EA /* motion_state.cpp in Sources */ = {isa = PBXBuildFile; fileRef = 7ED7BC101C3E56D000CE80EA /* motion_state.cpp */; };
		7ED7BC1E1C3E56D000CE80EA /* rigidbody.cpp in Sources */ = {isa = PBXBuildFile; fileRef = 7ED7BC141C3E56D000CE80EA /* rigidbody.cpp */; };
		7EE444561C731D2500D7881B /* gun_model.cpp in Sources */ = {isa = PBXBuildFile; fileRef = 7EE444541C731D2500D7881B /* gun_model.cpp */; };
		7EE4445A1C7457B300D7881B /* transform.cpp in Sources */ = {isa = PBXBuildFile; fileRef = 7EE444581C7457B300D7881B /* transform.cpp */; };
		7EEEF6BD1C7603FC00103E80 /* ogl_vertex_format.cpp in Sources */ = {isa = PBXBuildFile; fileRef = 7EEEF6BB1C7603FC00103E80 /* ogl_vertex_format.cpp */; };
		7EEEF6C01C76523600103E80 /* ogl_vertex_buffer.cpp in Sources */ = {isa = PBXBuildFile; fileRef = 7EEEF6BE1C76523600103E80 /* ogl_vertex_buffer.cpp */; };
		7EEEF6C41C77046E00103E80 /* shader_utils.cpp in Sources */ = {isa = PBXBuildFile; fileRef = 7EEEF6C21C77046E00103E80 /* shader_utils.cpp */; };
		7EEEF6D01C77A21000103E80 /* audio_pool.cpp in Sources */ = {isa = PBXBuildFile; fileRef = 7EEEF6CC1C77A20F00103E80 /* audio_pool.cpp */; };
		7EEEF6D11C77A21000103E80 /* audio_raw_pool.cpp in Sources */ = {isa = PBXBuildFile; fileRef = 7EEEF6CE1C77A21000103E80 /* audio_raw_pool.cpp */; };
		7EEEF6D51C77C4CD00103E80 /* audio.cpp in Sources */ = {isa = PBXBuildFile; fileRef = 7EEEF6D31C77C4CD00103E80 /* audio.cpp */; };
		7EFB9B0C1C5E620C00A838C7 /* entity_id.cpp in Sources */ = {isa = PBXBuildFile; fileRef = 7EFB9B001C5E620C00A838C7 /* entity_id.cpp */; };
		7EFB9B0D1C5E620C00A838C7 /* component.cpp in Sources */ = {isa = PBXBuildFile; fileRef = 7EFB9B051C5E620C00A838C7 /* component.cpp */; };
		7EFB9B0E1C5E620C00A838C7 /* entity.cpp in Sources */ = {isa = PBXBuildFile; fileRef = 7EFB9B0A1C5E620C00A838C7 /* entity.cpp */; };
		7EFB9B131C5E78CB00A838C7 /* actor_model.cpp in Sources */ = {isa = PBXBuildFile; fileRef = 7EFB9B111C5E78CB00A838C7 /* actor_model.cpp */; };
/* End PBXBuildFile section */

/* Begin PBXCopyFilesBuildPhase section */
		7EEEF6C81C774CAA00103E80 /* CopyFiles */ = {
			isa = PBXCopyFilesBuildPhase;
			buildActionMask = 2147483647;
			dstPath = "";
			dstSubfolderSpec = 10;
			files = (
			);
			runOnlyForDeploymentPostprocessing = 0;
		};
/* End PBXCopyFilesBuildPhase section */

/* Begin PBXFileReference section */
		7E033E531C6A845000D3379D /* chunk.hpp */ = {isa = PBXFileReference; fileEncoding = 4; lastKnownFileType = sourcecode.cpp.h; path = chunk.hpp; sourceTree = "<group>"; };
		7E033E541C6A845000D3379D /* memory.cpp */ = {isa = PBXFileReference; fileEncoding = 4; lastKnownFileType = sourcecode.cpp.cpp; path = memory.cpp; sourceTree = "<group>"; };
		7E033E551C6A845000D3379D /* memory.hpp */ = {isa = PBXFileReference; fileEncoding = 4; lastKnownFileType = sourcecode.cpp.h; path = memory.hpp; sourceTree = "<group>"; };
		7E033E561C6A845000D3379D /* memory_fwd.hpp */ = {isa = PBXFileReference; fileEncoding = 4; lastKnownFileType = sourcecode.cpp.h; path = memory_fwd.hpp; sourceTree = "<group>"; };
		7E033E5A1C6C878400D3379D /* camera_pool.cpp */ = {isa = PBXFileReference; fileEncoding = 4; lastKnownFileType = sourcecode.cpp.cpp; path = camera_pool.cpp; sourceTree = "<group>"; };
		7E033E5B1C6C878400D3379D /* camera_pool.hpp */ = {isa = PBXFileReference; fileEncoding = 4; lastKnownFileType = sourcecode.cpp.h; path = camera_pool.hpp; sourceTree = "<group>"; };
		7E033E5E1C6C878400D3379D /* entity_pool.cpp */ = {isa = PBXFileReference; fileEncoding = 4; lastKnownFileType = sourcecode.cpp.cpp; path = entity_pool.cpp; sourceTree = "<group>"; };
		7E033E5F1C6C878400D3379D /* entity_pool.hpp */ = {isa = PBXFileReference; fileEncoding = 4; lastKnownFileType = sourcecode.cpp.h; path = entity_pool.hpp; sourceTree = "<group>"; };
		7E033E601C6C878400D3379D /* graph_change_pool.cpp */ = {isa = PBXFileReference; fileEncoding = 4; lastKnownFileType = sourcecode.cpp.cpp; path = graph_change_pool.cpp; sourceTree = "<group>"; };
		7E033E611C6C878400D3379D /* graph_change_pool.hpp */ = {isa = PBXFileReference; fileEncoding = 4; lastKnownFileType = sourcecode.cpp.h; path = graph_change_pool.hpp; sourceTree = "<group>"; };
		7E033E621C6C878400D3379D /* logic_pool.cpp */ = {isa = PBXFileReference; fileEncoding = 4; lastKnownFileType = sourcecode.cpp.cpp; path = logic_pool.cpp; sourceTree = "<group>"; };
		7E033E631C6C878400D3379D /* logic_pool.hpp */ = {isa = PBXFileReference; fileEncoding = 4; lastKnownFileType = sourcecode.cpp.h; path = logic_pool.hpp; sourceTree = "<group>"; };
		7E033E641C6C878400D3379D /* model_pool.cpp */ = {isa = PBXFileReference; fileEncoding = 4; lastKnownFileType = sourcecode.cpp.cpp; path = model_pool.cpp; sourceTree = "<group>"; };
		7E033E651C6C878400D3379D /* model_pool.hpp */ = {isa = PBXFileReference; fileEncoding = 4; lastKnownFileType = sourcecode.cpp.h; path = model_pool.hpp; sourceTree = "<group>"; };
		7E033E661C6C878400D3379D /* rigidbody_pool.cpp */ = {isa = PBXFileReference; fileEncoding = 4; lastKnownFileType = sourcecode.cpp.cpp; path = rigidbody_pool.cpp; sourceTree = "<group>"; };
		7E033E671C6C878400D3379D /* rigidbody_pool.hpp */ = {isa = PBXFileReference; fileEncoding = 4; lastKnownFileType = sourcecode.cpp.h; path = rigidbody_pool.hpp; sourceTree = "<group>"; };
		7E033E681C6C878400D3379D /* texture_pool.cpp */ = {isa = PBXFileReference; fileEncoding = 4; lastKnownFileType = sourcecode.cpp.cpp; path = texture_pool.cpp; sourceTree = "<group>"; };
		7E033E691C6C878400D3379D /* texture_pool.hpp */ = {isa = PBXFileReference; fileEncoding = 4; lastKnownFileType = sourcecode.cpp.h; path = texture_pool.hpp; sourceTree = "<group>"; };
		7E033E6B1C6C878400D3379D /* world_data.hpp */ = {isa = PBXFileReference; fileEncoding = 4; lastKnownFileType = sourcecode.cpp.h; path = world_data.hpp; sourceTree = "<group>"; };
		7E033E741C6C87A000D3379D /* data.hpp */ = {isa = PBXFileReference; lastKnownFileType = sourcecode.cpp.h; path = data.hpp; sourceTree = "<group>"; };
		7E033E751C6C87E100D3379D /* world_data_fwd.hpp */ = {isa = PBXFileReference; lastKnownFileType = sourcecode.cpp.h; path = world_data_fwd.hpp; sourceTree = "<group>"; };
		7E033E761C6C88F200D3379D /* world_pools.cpp */ = {isa = PBXFileReference; fileEncoding = 4; lastKnownFileType = sourcecode.cpp.cpp; path = world_pools.cpp; sourceTree = "<group>"; };
		7E033E771C6C88F200D3379D /* world_pools.hpp */ = {isa = PBXFileReference; fileEncoding = 4; lastKnownFileType = sourcecode.cpp.h; path = world_pools.hpp; sourceTree = "<group>"; };
		7E033E791C6C915800D3379D /* world.cpp */ = {isa = PBXFileReference; fileEncoding = 4; lastKnownFileType = sourcecode.cpp.cpp; path = world.cpp; sourceTree = "<group>"; };
		7E033E7A1C6C915800D3379D /* world.hpp */ = {isa = PBXFileReference; fileEncoding = 4; lastKnownFileType = sourcecode.cpp.h; path = world.hpp; sourceTree = "<group>"; };
		7E033E7C1C6D340800D3379D /* input_pool.cpp */ = {isa = PBXFileReference; fileEncoding = 4; lastKnownFileType = sourcecode.cpp.cpp; path = input_pool.cpp; sourceTree = "<group>"; };
		7E033E7D1C6D340800D3379D /* input_pool.hpp */ = {isa = PBXFileReference; fileEncoding = 4; lastKnownFileType = sourcecode.cpp.h; path = input_pool.hpp; sourceTree = "<group>"; };
		7E033E801C6E699D00D3379D /* net_entity_pool.cpp */ = {isa = PBXFileReference; fileEncoding = 4; lastKnownFileType = sourcecode.cpp.cpp; path = net_entity_pool.cpp; sourceTree = "<group>"; };
		7E033E811C6E699D00D3379D /* net_entity_pool.hpp */ = {isa = PBXFileReference; fileEncoding = 4; lastKnownFileType = sourcecode.cpp.h; path = net_entity_pool.hpp; sourceTree = "<group>"; };
		7E033E831C6F296700D3379D /* physics_world.cpp */ = {isa = PBXFileReference; fileEncoding = 4; lastKnownFileType = sourcecode.cpp.cpp; path = physics_world.cpp; sourceTree = "<group>"; };
		7E033E841C6F296700D3379D /* physics_world.hpp */ = {isa = PBXFileReference; fileEncoding = 4; lastKnownFileType = sourcecode.cpp.h; path = physics_world.hpp; sourceTree = "<group>"; };
		7E033E861C6FC64700D3379D /* optimizations.hpp */ = {isa = PBXFileReference; lastKnownFileType = sourcecode.cpp.h; path = optimizations.hpp; sourceTree = "<group>"; };
		7E033E871C70621800D3379D /* network_data_fwd.hpp */ = {isa = PBXFileReference; fileEncoding = 4; lastKnownFileType = sourcecode.cpp.h; path = network_data_fwd.hpp; sourceTree = "<group>"; };
		7E033E881C70621800D3379D /* network_data.cpp */ = {isa = PBXFileReference; fileEncoding = 4; lastKnownFileType = sourcecode.cpp.cpp; path = network_data.cpp; sourceTree = "<group>"; };
		7E033E891C70621800D3379D /* network_data.hpp */ = {isa = PBXFileReference; fileEncoding = 4; lastKnownFileType = sourcecode.cpp.h; path = network_data.hpp; sourceTree = "<group>"; };
		7E033E8B1C70622F00D3379D /* interpolation_pool.cpp */ = {isa = PBXFileReference; fileEncoding = 4; lastKnownFileType = sourcecode.cpp.cpp; path = interpolation_pool.cpp; sourceTree = "<group>"; };
		7E033E8C1C70622F00D3379D /* interpolation_pool.hpp */ = {isa = PBXFileReference; fileEncoding = 4; lastKnownFileType = sourcecode.cpp.h; path = interpolation_pool.hpp; sourceTree = "<group>"; };
		7E03C4321C68D22E0079DA81 /* network_player_controller.cpp */ = {isa = PBXFileReference; fileEncoding = 4; lastKnownFileType = sourcecode.cpp.cpp; path = network_player_controller.cpp; sourceTree = "<group>"; };
		7E03C4331C68D22E0079DA81 /* network_player_controller.hpp */ = {isa = PBXFileReference; fileEncoding = 4; lastKnownFileType = sourcecode.cpp.h; path = network_player_controller.hpp; sourceTree = "<group>"; };
		7E03C4361C69268B0079DA81 /* audio.hpp */ = {isa = PBXFileReference; fileEncoding = 4; lastKnownFileType = sourcecode.cpp.h; path = audio.hpp; sourceTree = "<group>"; };
		7E03C4371C69268B0079DA81 /* audio_fwd.hpp */ = {isa = PBXFileReference; fileEncoding = 4; lastKnownFileType = sourcecode.cpp.h; path = audio_fwd.hpp; sourceTree = "<group>"; };
		7E09B5111C7A446000DD97F3 /* audio_system.cpp */ = {isa = PBXFileReference; fileEncoding = 4; lastKnownFileType = sourcecode.cpp.cpp; path = audio_system.cpp; sourceTree = "<group>"; };
		7E0D475A1C786A6300FD7752 /* transformations.cpp */ = {isa = PBXFileReference; fileEncoding = 4; lastKnownFileType = sourcecode.cpp.cpp; path = transformations.cpp; sourceTree = "<group>"; };
		7E0D475B1C786A6300FD7752 /* transformations.hpp */ = {isa = PBXFileReference; fileEncoding = 4; lastKnownFileType = sourcecode.cpp.h; path = transformations.hpp; sourceTree = "<group>"; };
		7E0D475E1C79133A00FD7752 /* camera.cpp */ = {isa = PBXFileReference; fileEncoding = 4; lastKnownFileType = sourcecode.cpp.cpp; path = camera.cpp; sourceTree = "<group>"; };
		7E0D475F1C79133A00FD7752 /* camera.hpp */ = {isa = PBXFileReference; fileEncoding = 4; lastKnownFileType = sourcecode.cpp.h; path = camera.hpp; sourceTree = "<group>"; };
		7E0D47611C79133A00FD7752 /* peers.cpp */ = {isa = PBXFileReference; fileEncoding = 4; lastKnownFileType = sourcecode.cpp.cpp; path = peers.cpp; sourceTree = "<group>"; };
		7E0D47621C79133A00FD7752 /* peers.hpp */ = {isa = PBXFileReference; fileEncoding = 4; lastKnownFileType = sourcecode.cpp.h; path = peers.hpp; sourceTree = "<group>"; };
		7E687DAA1C5EAC2900E13BB6 /* ids_component_types.hpp */ = {isa = PBXFileReference; fileEncoding = 4; lastKnownFileType = sourcecode.cpp.h; path = ids_component_types.hpp; sourceTree = "<group>"; };
		7E687DAB1C5EAC2900E13BB6 /* ids_object_types.hpp */ = {isa = PBXFileReference; fileEncoding = 4; lastKnownFileType = sourcecode.cpp.h; path = ids_object_types.hpp; sourceTree = "<group>"; };
		7EA1A1F81C3984D0009867BD /* libenet.a */ = {isa = PBXFileReference; lastKnownFileType = archive.ar; name = libenet.a; path = ../../../3rdparty/enet/lib/osx/libenet.a; sourceTree = "<group>"; };
		7EA2C6041C1F5CFC00389748 /* wired.app */ = {isa = PBXFileReference; explicitFileType = wrapper.application; includeInIndex = 0; path = wired.app; sourceTree = BUILT_PRODUCTS_DIR; };
		7EA2C6121C1F5CFC00389748 /* Info.plist */ = {isa = PBXFileReference; lastKnownFileType = text.plist.xml; path = Info.plist; sourceTree = "<group>"; };
		7EA2C61D1C1F5D4600389748 /* wired_app.cpp */ = {isa = PBXFileReference; fileEncoding = 4; lastKnownFileType = sourcecode.cpp.cpp; path = wired_app.cpp; sourceTree = "<group>"; };
		7EA2C61F1C1F5E2A00389748 /* OpenGL.framework */ = {isa = PBXFileReference; lastKnownFileType = wrapper.framework; name = OpenGL.framework; path = System/Library/Frameworks/OpenGL.framework; sourceTree = SDKROOT; };
		7EA2C6541C1F637D00389748 /* assets */ = {isa = PBXFileReference; lastKnownFileType = folder; name = assets; path = ../../../assets; sourceTree = "<group>"; };
		7EAD4CC01C609C6E007F6A9C /* ids_object_tags.hpp */ = {isa = PBXFileReference; lastKnownFileType = sourcecode.cpp.h; path = ids_object_tags.hpp; sourceTree = "<group>"; };
		7EAD4CC31C6123F1007F6A9C /* camera_fwd.hpp */ = {isa = PBXFileReference; fileEncoding = 4; lastKnownFileType = sourcecode.cpp.h; path = camera_fwd.hpp; sourceTree = "<group>"; };
		7EAD4CC41C6123F1007F6A9C /* camera_properties.hpp */ = {isa = PBXFileReference; fileEncoding = 4; lastKnownFileType = sourcecode.cpp.h; path = camera_properties.hpp; sourceTree = "<group>"; };
		7EAD4CC81C623C97007F6A9C /* local_player_controller.cpp */ = {isa = PBXFileReference; fileEncoding = 4; lastKnownFileType = sourcecode.cpp.cpp; path = local_player_controller.cpp; sourceTree = "<group>"; };
		7EAD4CC91C623C97007F6A9C /* local_player_controller.hpp */ = {isa = PBXFileReference; fileEncoding = 4; lastKnownFileType = sourcecode.cpp.h; path = local_player_controller.hpp; sourceTree = "<group>"; };
		7EAD4CCF1C628524007F6A9C /* event.cpp */ = {isa = PBXFileReference; fileEncoding = 4; lastKnownFileType = sourcecode.cpp.cpp; path = event.cpp; sourceTree = "<group>"; };
		7EAD4CD01C628524007F6A9C /* event.hpp */ = {isa = PBXFileReference; fileEncoding = 4; lastKnownFileType = sourcecode.cpp.h; path = event.hpp; sourceTree = "<group>"; };
		7EAD4CD11C628524007F6A9C /* event_controller.cpp */ = {isa = PBXFileReference; fileEncoding = 4; lastKnownFileType = sourcecode.cpp.cpp; path = event_controller.cpp; sourceTree = "<group>"; };
		7EAD4CD21C628524007F6A9C /* event_controller.hpp */ = {isa = PBXFileReference; fileEncoding = 4; lastKnownFileType = sourcecode.cpp.h; path = event_controller.hpp; sourceTree = "<group>"; };
		7EAD4CD31C628524007F6A9C /* event_fwd.hpp */ = {isa = PBXFileReference; fileEncoding = 4; lastKnownFileType = sourcecode.cpp.h; path = event_fwd.hpp; sourceTree = "<group>"; };
		7EAD4CD41C628524007F6A9C /* event_manager.cpp */ = {isa = PBXFileReference; fileEncoding = 4; lastKnownFileType = sourcecode.cpp.cpp; path = event_manager.cpp; sourceTree = "<group>"; };
		7EAD4CD51C628524007F6A9C /* event_manager.hpp */ = {isa = PBXFileReference; fileEncoding = 4; lastKnownFileType = sourcecode.cpp.h; path = event_manager.hpp; sourceTree = "<group>"; };
		7EAD4CD91C628A51007F6A9C /* ids_core_events.hpp */ = {isa = PBXFileReference; lastKnownFileType = sourcecode.cpp.h; path = ids_core_events.hpp; sourceTree = "<group>"; };
		7EAD4CDA1C628E86007F6A9C /* ids_game_events.hpp */ = {isa = PBXFileReference; lastKnownFileType = sourcecode.cpp.h; path = ids_game_events.hpp; sourceTree = "<group>"; };
		7EAD4CDB1C63340D007F6A9C /* npc_actor_controller.cpp */ = {isa = PBXFileReference; fileEncoding = 4; lastKnownFileType = sourcecode.cpp.cpp; path = npc_actor_controller.cpp; sourceTree = "<group>"; };
		7EAD4CDC1C63340D007F6A9C /* npc_actor_controller.hpp */ = {isa = PBXFileReference; fileEncoding = 4; lastKnownFileType = sourcecode.cpp.h; path = npc_actor_controller.hpp; sourceTree = "<group>"; };
		7EAD4CE21C638F6D007F6A9C /* core_data.cpp */ = {isa = PBXFileReference; fileEncoding = 4; lastKnownFileType = sourcecode.cpp.cpp; path = core_data.cpp; sourceTree = "<group>"; };
		7EAD4CE31C638F6D007F6A9C /* core_data.hpp */ = {isa = PBXFileReference; fileEncoding = 4; lastKnownFileType = sourcecode.cpp.h; path = core_data.hpp; sourceTree = "<group>"; };
		7EAD4CE61C638F8E007F6A9C /* axis.hpp */ = {isa = PBXFileReference; fileEncoding = 4; lastKnownFileType = sourcecode.cpp.h; path = axis.hpp; sourceTree = "<group>"; };
		7EAD4CE71C638F8E007F6A9C /* buttons.hpp */ = {isa = PBXFileReference; fileEncoding = 4; lastKnownFileType = sourcecode.cpp.h; path = buttons.hpp; sourceTree = "<group>"; };
		7EAD4CE81C638F8E007F6A9C /* controller.cpp */ = {isa = PBXFileReference; fileEncoding = 4; lastKnownFileType = sourcecode.cpp.cpp; path = controller.cpp; sourceTree = "<group>"; };
		7EAD4CE91C638F8E007F6A9C /* controller.hpp */ = {isa = PBXFileReference; fileEncoding = 4; lastKnownFileType = sourcecode.cpp.h; path = controller.hpp; sourceTree = "<group>"; };
		7EAD4CEB1C638F8E007F6A9C /* input_access.hpp */ = {isa = PBXFileReference; fileEncoding = 4; lastKnownFileType = sourcecode.cpp.h; path = input_access.hpp; sourceTree = "<group>"; };
		7EAD4CEC1C638F8E007F6A9C /* input.cpp */ = {isa = PBXFileReference; fileEncoding = 4; lastKnownFileType = sourcecode.cpp.cpp; path = input.cpp; sourceTree = "<group>"; };
		7EAD4CED1C638F8E007F6A9C /* input.hpp */ = {isa = PBXFileReference; fileEncoding = 4; lastKnownFileType = sourcecode.cpp.h; path = input.hpp; sourceTree = "<group>"; };
		7EAD4CF01C63D42B007F6A9C /* controller_members.hpp */ = {isa = PBXFileReference; lastKnownFileType = sourcecode.cpp.h; path = controller_members.hpp; sourceTree = "<group>"; };
		7EAD4CF11C63DDBB007F6A9C /* core_data_fwd.hpp */ = {isa = PBXFileReference; lastKnownFileType = sourcecode.cpp.h; path = core_data_fwd.hpp; sourceTree = "<group>"; };
		7EAD4CF31C6684BD007F6A9C /* ray.cpp */ = {isa = PBXFileReference; fileEncoding = 4; lastKnownFileType = sourcecode.cpp.cpp; path = ray.cpp; sourceTree = "<group>"; };
		7EAD4CF41C6684BD007F6A9C /* ray.hpp */ = {isa = PBXFileReference; fileEncoding = 4; lastKnownFileType = sourcecode.cpp.h; path = ray.hpp; sourceTree = "<group>"; };
		7EAD4CF71C668F72007F6A9C /* application_client.cpp */ = {isa = PBXFileReference; fileEncoding = 4; lastKnownFileType = sourcecode.cpp.cpp; path = application_client.cpp; sourceTree = "<group>"; };
		7EAD4CF81C668F72007F6A9C /* application_client.hpp */ = {isa = PBXFileReference; fileEncoding = 4; lastKnownFileType = sourcecode.cpp.h; path = application_client.hpp; sourceTree = "<group>"; };
		7EAD4CF91C668F72007F6A9C /* application_common.cpp */ = {isa = PBXFileReference; fileEncoding = 4; lastKnownFileType = sourcecode.cpp.cpp; path = application_common.cpp; sourceTree = "<group>"; };
		7EAD4CFA1C668F72007F6A9C /* application_common.hpp */ = {isa = PBXFileReference; fileEncoding = 4; lastKnownFileType = sourcecode.cpp.h; path = application_common.hpp; sourceTree = "<group>"; };
		7EAD4CFB1C668F72007F6A9C /* application_graphics.cpp */ = {isa = PBXFileReference; fileEncoding = 4; lastKnownFileType = sourcecode.cpp.cpp; path = application_graphics.cpp; sourceTree = "<group>"; };
		7EAD4CFC1C668F72007F6A9C /* application_graphics.hpp */ = {isa = PBXFileReference; fileEncoding = 4; lastKnownFileType = sourcecode.cpp.h; path = application_graphics.hpp; sourceTree = "<group>"; };
		7EAD4CFD1C668F72007F6A9C /* application_host.cpp */ = {isa = PBXFileReference; fileEncoding = 4; lastKnownFileType = sourcecode.cpp.cpp; path = application_host.cpp; sourceTree = "<group>"; };
		7EAD4CFE1C668F72007F6A9C /* application_host.hpp */ = {isa = PBXFileReference; fileEncoding = 4; lastKnownFileType = sourcecode.cpp.h; path = application_host.hpp; sourceTree = "<group>"; };
		7EC9B97F1C3ECACA00FBF1D7 /* network_events.cpp */ = {isa = PBXFileReference; fileEncoding = 4; lastKnownFileType = sourcecode.cpp.cpp; path = network_events.cpp; sourceTree = "<group>"; };
		7EC9B9801C3ECACA00FBF1D7 /* network_events.hpp */ = {isa = PBXFileReference; fileEncoding = 4; lastKnownFileType = sourcecode.cpp.h; path = network_events.hpp; sourceTree = "<group>"; };
		7EC9B9901C418A3000FBF1D7 /* ogl.hpp */ = {isa = PBXFileReference; fileEncoding = 4; lastKnownFileType = sourcecode.cpp.h; path = ogl.hpp; sourceTree = "<group>"; };
		7EC9B9911C418A3000FBF1D7 /* ogl_common.hpp */ = {isa = PBXFileReference; fileEncoding = 4; lastKnownFileType = sourcecode.cpp.h; path = ogl_common.hpp; sourceTree = "<group>"; };
		7EC9B9921C418A3000FBF1D7 /* ogl_fwd.hpp */ = {isa = PBXFileReference; fileEncoding = 4; lastKnownFileType = sourcecode.cpp.h; path = ogl_fwd.hpp; sourceTree = "<group>"; };
		7EC9B9931C418A3000FBF1D7 /* ogl_pixel_format.hpp */ = {isa = PBXFileReference; fileEncoding = 4; lastKnownFileType = sourcecode.cpp.h; path = ogl_pixel_format.hpp; sourceTree = "<group>"; };
		7EC9B9941C418A3000FBF1D7 /* ogl_shader.cpp */ = {isa = PBXFileReference; fileEncoding = 4; lastKnownFileType = sourcecode.cpp.cpp; path = ogl_shader.cpp; sourceTree = "<group>"; };
		7EC9B9951C418A3000FBF1D7 /* ogl_shader.hpp */ = {isa = PBXFileReference; fileEncoding = 4; lastKnownFileType = sourcecode.cpp.h; path = ogl_shader.hpp; sourceTree = "<group>"; };
		7EC9B9961C418A3000FBF1D7 /* ogl_texture.cpp */ = {isa = PBXFileReference; fileEncoding = 4; lastKnownFileType = sourcecode.cpp.cpp; path = ogl_texture.cpp; sourceTree = "<group>"; };
		7EC9B9971C418A3000FBF1D7 /* ogl_texture.hpp */ = {isa = PBXFileReference; fileEncoding = 4; lastKnownFileType = sourcecode.cpp.h; path = ogl_texture.hpp; sourceTree = "<group>"; };
		7EC9B9981C418A3000FBF1D7 /* ogl_texture_filtering.cpp */ = {isa = PBXFileReference; fileEncoding = 4; lastKnownFileType = sourcecode.cpp.cpp; path = ogl_texture_filtering.cpp; sourceTree = "<group>"; };
		7EC9B9991C418A3000FBF1D7 /* ogl_texture_filtering.hpp */ = {isa = PBXFileReference; fileEncoding = 4; lastKnownFileType = sourcecode.cpp.h; path = ogl_texture_filtering.hpp; sourceTree = "<group>"; };
		7EC9B99A1C418A3000FBF1D7 /* pixel_format.hpp */ = {isa = PBXFileReference; fileEncoding = 4; lastKnownFileType = sourcecode.cpp.h; path = pixel_format.hpp; sourceTree = "<group>"; };
		7EC9B99B1C418A3000FBF1D7 /* shader.hpp */ = {isa = PBXFileReference; fileEncoding = 4; lastKnownFileType = sourcecode.cpp.h; path = shader.hpp; sourceTree = "<group>"; };
		7EC9B99C1C418A3000FBF1D7 /* texture_filtering.hpp */ = {isa = PBXFileReference; fileEncoding = 4; lastKnownFileType = sourcecode.cpp.h; path = texture_filtering.hpp; sourceTree = "<group>"; };
		7EC9B9A11C43838200FBF1D7 /* ogl_shader_uniform.cpp */ = {isa = PBXFileReference; fileEncoding = 4; lastKnownFileType = sourcecode.cpp.cpp; path = ogl_shader_uniform.cpp; sourceTree = "<group>"; };
		7EC9B9A21C43838200FBF1D7 /* ogl_shader_uniform.hpp */ = {isa = PBXFileReference; fileEncoding = 4; lastKnownFileType = sourcecode.cpp.h; path = ogl_shader_uniform.hpp; sourceTree = "<group>"; };
		7EC9B9BC1C48370700FBF1D7 /* environment.hpp */ = {isa = PBXFileReference; fileEncoding = 4; lastKnownFileType = sourcecode.cpp.h; path = environment.hpp; sourceTree = "<group>"; };
		7EC9B9BD1C48370700FBF1D7 /* environment_fwd.hpp */ = {isa = PBXFileReference; fileEncoding = 4; lastKnownFileType = sourcecode.cpp.h; path = environment_fwd.hpp; sourceTree = "<group>"; };
		7EC9B9BF1C48370700FBF1D7 /* input.hpp */ = {isa = PBXFileReference; fileEncoding = 4; lastKnownFileType = sourcecode.cpp.h; path = input.hpp; sourceTree = "<group>"; };
		7EC9B9C11C48370700FBF1D7 /* window.hpp */ = {isa = PBXFileReference; fileEncoding = 4; lastKnownFileType = sourcecode.cpp.h; path = window.hpp; sourceTree = "<group>"; };
		7EC9B9C71C4844BE00FBF1D7 /* sdl_environment.cpp */ = {isa = PBXFileReference; fileEncoding = 4; lastKnownFileType = sourcecode.cpp.cpp; path = sdl_environment.cpp; sourceTree = "<group>"; };
		7EC9B9C81C4844BE00FBF1D7 /* sdl_input.cpp */ = {isa = PBXFileReference; fileEncoding = 4; lastKnownFileType = sourcecode.cpp.cpp; path = sdl_input.cpp; sourceTree = "<group>"; };
		7EC9B9C91C4844BE00FBF1D7 /* sdl_window.cpp */ = {isa = PBXFileReference; fileEncoding = 4; lastKnownFileType = sourcecode.cpp.cpp; path = sdl_window.cpp; sourceTree = "<group>"; };
		7EC9B9CD1C48481500FBF1D7 /* sdl_types.hpp */ = {isa = PBXFileReference; lastKnownFileType = sourcecode.cpp.h; path = sdl_types.hpp; sourceTree = "<group>"; };
		7EC9B9CE1C48D1D100FBF1D7 /* sdl_common.hpp */ = {isa = PBXFileReference; lastKnownFileType = sourcecode.cpp.h; path = sdl_common.hpp; sourceTree = "<group>"; };
		7EC9B9DB1C4C305900FBF1D7 /* rigidbody_collider.cpp */ = {isa = PBXFileReference; fileEncoding = 4; lastKnownFileType = sourcecode.cpp.cpp; path = rigidbody_collider.cpp; sourceTree = "<group>"; };
		7EC9B9DC1C4C305900FBF1D7 /* rigidbody_collider.hpp */ = {isa = PBXFileReference; fileEncoding = 4; lastKnownFileType = sourcecode.cpp.h; path = rigidbody_collider.hpp; sourceTree = "<group>"; };
		7ED7BB841C3CF8B100CE80EA /* entity_factory.cpp */ = {isa = PBXFileReference; fileEncoding = 4; lastKnownFileType = sourcecode.cpp.cpp; path = entity_factory.cpp; sourceTree = "<group>"; };
		7ED7BB851C3CF8B100CE80EA /* entity_factory.hpp */ = {isa = PBXFileReference; fileEncoding = 4; lastKnownFileType = sourcecode.cpp.h; path = entity_factory.hpp; sourceTree = "<group>"; };
		7ED7BBA41C3CF8B100CE80EA /* debug_line.cpp */ = {isa = PBXFileReference; fileEncoding = 4; lastKnownFileType = sourcecode.cpp.cpp; path = debug_line.cpp; sourceTree = "<group>"; };
		7ED7BBA51C3CF8B100CE80EA /* debug_line.hpp */ = {isa = PBXFileReference; fileEncoding = 4; lastKnownFileType = sourcecode.cpp.h; path = debug_line.hpp; sourceTree = "<group>"; };
		7ED7BBA71C3CF8B100CE80EA /* debug_line_renderer.cpp */ = {isa = PBXFileReference; fileEncoding = 4; lastKnownFileType = sourcecode.cpp.cpp; path = debug_line_renderer.cpp; sourceTree = "<group>"; };
		7ED7BBA81C3CF8B100CE80EA /* debug_line_renderer.hpp */ = {isa = PBXFileReference; fileEncoding = 4; lastKnownFileType = sourcecode.cpp.h; path = debug_line_renderer.hpp; sourceTree = "<group>"; };
		7ED7BBA91C3CF8B100CE80EA /* debug_line_renderer_node.hpp */ = {isa = PBXFileReference; fileEncoding = 4; lastKnownFileType = sourcecode.cpp.h; path = debug_line_renderer_node.hpp; sourceTree = "<group>"; };
		7ED7BBB51C3CF8B100CE80EA /* renderer.hpp */ = {isa = PBXFileReference; fileEncoding = 4; lastKnownFileType = sourcecode.cpp.h; path = renderer.hpp; sourceTree = "<group>"; };
		7ED7BBB91C3CF8B100CE80EA /* simple_renderer.cpp */ = {isa = PBXFileReference; fileEncoding = 4; lastKnownFileType = sourcecode.cpp.cpp; path = simple_renderer.cpp; sourceTree = "<group>"; };
		7ED7BBBA1C3CF8B100CE80EA /* simple_renderer.hpp */ = {isa = PBXFileReference; fileEncoding = 4; lastKnownFileType = sourcecode.cpp.h; path = simple_renderer.hpp; sourceTree = "<group>"; };
		7ED7BBBB1C3CF8B100CE80EA /* simple_renderer_node.hpp */ = {isa = PBXFileReference; fileEncoding = 4; lastKnownFileType = sourcecode.cpp.h; path = simple_renderer_node.hpp; sourceTree = "<group>"; };
		7ED7BBBE1C3CF8B100CE80EA /* net_transform.cpp */ = {isa = PBXFileReference; fileEncoding = 4; lastKnownFileType = sourcecode.cpp.cpp; path = net_transform.cpp; sourceTree = "<group>"; };
		7ED7BBBF1C3CF8B100CE80EA /* net_transform.hpp */ = {isa = PBXFileReference; fileEncoding = 4; lastKnownFileType = sourcecode.cpp.h; path = net_transform.hpp; sourceTree = "<group>"; };
		7ED7BBC01C3CF8B100CE80EA /* net_transform_structure.hpp */ = {isa = PBXFileReference; fileEncoding = 4; lastKnownFileType = sourcecode.cpp.h; path = net_transform_structure.hpp; sourceTree = "<group>"; };
		7ED7BBC21C3CF8B100CE80EA /* network.cpp */ = {isa = PBXFileReference; fileEncoding = 4; lastKnownFileType = sourcecode.cpp.cpp; path = network.cpp; sourceTree = "<group>"; };
		7ED7BBC31C3CF8B100CE80EA /* network.hpp */ = {isa = PBXFileReference; fileEncoding = 4; lastKnownFileType = sourcecode.cpp.h; path = network.hpp; sourceTree = "<group>"; };
		7ED7BBC41C3CF8B100CE80EA /* network_connection.hpp */ = {isa = PBXFileReference; fileEncoding = 4; lastKnownFileType = sourcecode.cpp.h; path = network_connection.hpp; sourceTree = "<group>"; };
		7ED7BBC51C3CF8B100CE80EA /* network_fwd.hpp */ = {isa = PBXFileReference; fileEncoding = 4; lastKnownFileType = sourcecode.cpp.h; path = network_fwd.hpp; sourceTree = "<group>"; };
		7ED7BBDB1C3CF8FE00CE80EA /* resources.cpp */ = {isa = PBXFileReference; fileEncoding = 4; lastKnownFileType = sourcecode.cpp.cpp; path = resources.cpp; sourceTree = "<group>"; };
		7ED7BBDC1C3CF8FE00CE80EA /* resources.hpp */ = {isa = PBXFileReference; fileEncoding = 4; lastKnownFileType = sourcecode.cpp.h; path = resources.hpp; sourceTree = "<group>"; };
		7ED7BBDF1C3CF9C700CE80EA /* alignment.hpp */ = {isa = PBXFileReference; fileEncoding = 4; lastKnownFileType = sourcecode.cpp.h; path = alignment.hpp; sourceTree = "<group>"; };
		7ED7BBE01C3CF9C700CE80EA /* color.hpp */ = {isa = PBXFileReference; fileEncoding = 4; lastKnownFileType = sourcecode.cpp.h; path = color.hpp; sourceTree = "<group>"; };
		7ED7BBE11C3CF9C700CE80EA /* directory.hpp */ = {isa = PBXFileReference; fileEncoding = 4; lastKnownFileType = sourcecode.cpp.h; path = directory.hpp; sourceTree = "<group>"; };
		7ED7BBE21C3CF9C700CE80EA /* directory_mac.mm */ = {isa = PBXFileReference; fileEncoding = 4; lastKnownFileType = sourcecode.cpp.objcpp; path = directory_mac.mm; sourceTree = "<group>"; };
		7ED7BBE41C3CF9C700CE80EA /* file_helpers.hpp */ = {isa = PBXFileReference; fileEncoding = 4; lastKnownFileType = sourcecode.cpp.h; path = file_helpers.hpp; sourceTree = "<group>"; };
		7ED7BBE51C3CF9C700CE80EA /* inter_node.hpp */ = {isa = PBXFileReference; fileEncoding = 4; lastKnownFileType = sourcecode.cpp.h; path = inter_node.hpp; sourceTree = "<group>"; };
		7ED7BBE61C3CF9C700CE80EA /* logging.cpp */ = {isa = PBXFileReference; fileEncoding = 4; lastKnownFileType = sourcecode.cpp.cpp; path = logging.cpp; sourceTree = "<group>"; };
		7ED7BBE71C3CF9C700CE80EA /* logging.hpp */ = {isa = PBXFileReference; fileEncoding = 4; lastKnownFileType = sourcecode.cpp.h; path = logging.hpp; sourceTree = "<group>"; };
		7ED7BBE81C3CF9C700CE80EA /* obj_model_loader.cpp */ = {isa = PBXFileReference; fileEncoding = 4; lastKnownFileType = sourcecode.cpp.cpp; path = obj_model_loader.cpp; sourceTree = "<group>"; };
		7ED7BBE91C3CF9C700CE80EA /* obj_model_loader.hpp */ = {isa = PBXFileReference; fileEncoding = 4; lastKnownFileType = sourcecode.cpp.h; path = obj_model_loader.hpp; sourceTree = "<group>"; };
		7ED7BBEA1C3CF9C700CE80EA /* string_helpers.hpp */ = {isa = PBXFileReference; fileEncoding = 4; lastKnownFileType = sourcecode.cpp.h; path = string_helpers.hpp; sourceTree = "<group>"; };
		7ED7BBEB1C3CF9C700CE80EA /* timer.cpp */ = {isa = PBXFileReference; fileEncoding = 4; lastKnownFileType = sourcecode.cpp.cpp; path = timer.cpp; sourceTree = "<group>"; };
		7ED7BBEC1C3CF9C700CE80EA /* timer.hpp */ = {isa = PBXFileReference; fileEncoding = 4; lastKnownFileType = sourcecode.cpp.h; path = timer.hpp; sourceTree = "<group>"; };
		7ED7BBED1C3CF9C700CE80EA /* utils_fwd.hpp */ = {isa = PBXFileReference; fileEncoding = 4; lastKnownFileType = sourcecode.cpp.h; path = utils_fwd.hpp; sourceTree = "<group>"; };
		7ED7BBEE1C3CF9C700CE80EA /* variant.hpp */ = {isa = PBXFileReference; fileEncoding = 4; lastKnownFileType = sourcecode.cpp.h; path = variant.hpp; sourceTree = "<group>"; };
		7ED7BBFD1C3E561600CE80EA /* texture_manager.cpp */ = {isa = PBXFileReference; fileEncoding = 4; lastKnownFileType = sourcecode.cpp.cpp; path = texture_manager.cpp; sourceTree = "<group>"; };
		7ED7BBFE1C3E561600CE80EA /* texture_manager.hpp */ = {isa = PBXFileReference; fileEncoding = 4; lastKnownFileType = sourcecode.cpp.h; path = texture_manager.hpp; sourceTree = "<group>"; };
		7ED7BC021C3E566000CE80EA /* model_manager.cpp */ = {isa = PBXFileReference; fileEncoding = 4; lastKnownFileType = sourcecode.cpp.cpp; path = model_manager.cpp; sourceTree = "<group>"; };
		7ED7BC031C3E566000CE80EA /* model_manager.hpp */ = {isa = PBXFileReference; fileEncoding = 4; lastKnownFileType = sourcecode.cpp.h; path = model_manager.hpp; sourceTree = "<group>"; };
		7ED7BC0B1C3E56D000CE80EA /* generic_id.cpp */ = {isa = PBXFileReference; fileEncoding = 4; lastKnownFileType = sourcecode.cpp.cpp; path = generic_id.cpp; sourceTree = "<group>"; };
		7ED7BC0C1C3E56D000CE80EA /* generic_id.hpp */ = {isa = PBXFileReference; fileEncoding = 4; lastKnownFileType = sourcecode.cpp.h; path = generic_id.hpp; sourceTree = "<group>"; };
		7ED7BC0E1C3E56D000CE80EA /* debug_renderer.cpp */ = {isa = PBXFileReference; fileEncoding = 4; lastKnownFileType = sourcecode.cpp.cpp; path = debug_renderer.cpp; sourceTree = "<group>"; };
		7ED7BC0F1C3E56D000CE80EA /* debug_renderer.hpp */ = {isa = PBXFileReference; fileEncoding = 4; lastKnownFileType = sourcecode.cpp.h; path = debug_renderer.hpp; sourceTree = "<group>"; };
		7ED7BC101C3E56D000CE80EA /* motion_state.cpp */ = {isa = PBXFileReference; fileEncoding = 4; lastKnownFileType = sourcecode.cpp.cpp; path = motion_state.cpp; sourceTree = "<group>"; };
		7ED7BC111C3E56D000CE80EA /* motion_state.hpp */ = {isa = PBXFileReference; fileEncoding = 4; lastKnownFileType = sourcecode.cpp.h; path = motion_state.hpp; sourceTree = "<group>"; };
		7ED7BC121C3E56D000CE80EA /* physics.hpp */ = {isa = PBXFileReference; fileEncoding = 4; lastKnownFileType = sourcecode.cpp.h; path = physics.hpp; sourceTree = "<group>"; };
		7ED7BC131C3E56D000CE80EA /* physics_fwd.hpp */ = {isa = PBXFileReference; fileEncoding = 4; lastKnownFileType = sourcecode.cpp.h; path = physics_fwd.hpp; sourceTree = "<group>"; };
		7ED7BC141C3E56D000CE80EA /* rigidbody.cpp */ = {isa = PBXFileReference; fileEncoding = 4; lastKnownFileType = sourcecode.cpp.cpp; path = rigidbody.cpp; sourceTree = "<group>"; };
		7ED7BC151C3E56D000CE80EA /* rigidbody.hpp */ = {isa = PBXFileReference; fileEncoding = 4; lastKnownFileType = sourcecode.cpp.h; path = rigidbody.hpp; sourceTree = "<group>"; };
		7ED7BC161C3E56D000CE80EA /* rigidbody_properties.hpp */ = {isa = PBXFileReference; fileEncoding = 4; lastKnownFileType = sourcecode.cpp.h; path = rigidbody_properties.hpp; sourceTree = "<group>"; };
		7EE444541C731D2500D7881B /* gun_model.cpp */ = {isa = PBXFileReference; fileEncoding = 4; lastKnownFileType = sourcecode.cpp.cpp; path = gun_model.cpp; sourceTree = "<group>"; };
		7EE444551C731D2500D7881B /* gun_model.hpp */ = {isa = PBXFileReference; fileEncoding = 4; lastKnownFileType = sourcecode.cpp.h; path = gun_model.hpp; sourceTree = "<group>"; };
		7EE444581C7457B300D7881B /* transform.cpp */ = {isa = PBXFileReference; fileEncoding = 4; lastKnownFileType = sourcecode.cpp.cpp; path = transform.cpp; sourceTree = "<group>"; };
		7EE444591C7457B300D7881B /* transform.hpp */ = {isa = PBXFileReference; fileEncoding = 4; lastKnownFileType = sourcecode.cpp.h; path = transform.hpp; sourceTree = "<group>"; };
		7EEEF6BB1C7603FC00103E80 /* ogl_vertex_format.cpp */ = {isa = PBXFileReference; fileEncoding = 4; lastKnownFileType = sourcecode.cpp.cpp; path = ogl_vertex_format.cpp; sourceTree = "<group>"; };
		7EEEF6BC1C7603FC00103E80 /* ogl_vertex_format.hpp */ = {isa = PBXFileReference; fileEncoding = 4; lastKnownFileType = sourcecode.cpp.h; path = ogl_vertex_format.hpp; sourceTree = "<group>"; };
		7EEEF6BE1C76523600103E80 /* ogl_vertex_buffer.cpp */ = {isa = PBXFileReference; fileEncoding = 4; lastKnownFileType = sourcecode.cpp.cpp; path = ogl_vertex_buffer.cpp; sourceTree = "<group>"; };
		7EEEF6BF1C76523600103E80 /* ogl_vertex_buffer.hpp */ = {isa = PBXFileReference; fileEncoding = 4; lastKnownFileType = sourcecode.cpp.h; path = ogl_vertex_buffer.hpp; sourceTree = "<group>"; };
		7EEEF6C21C77046E00103E80 /* shader_utils.cpp */ = {isa = PBXFileReference; fileEncoding = 4; lastKnownFileType = sourcecode.cpp.cpp; path = shader_utils.cpp; sourceTree = "<group>"; };
		7EEEF6C31C77046E00103E80 /* shader_utils.hpp */ = {isa = PBXFileReference; fileEncoding = 4; lastKnownFileType = sourcecode.cpp.h; path = shader_utils.hpp; sourceTree = "<group>"; };
		7EEEF6CC1C77A20F00103E80 /* audio_pool.cpp */ = {isa = PBXFileReference; fileEncoding = 4; lastKnownFileType = sourcecode.cpp.cpp; path = audio_pool.cpp; sourceTree = "<group>"; };
		7EEEF6CD1C77A20F00103E80 /* audio_pool.hpp */ = {isa = PBXFileReference; fileEncoding = 4; lastKnownFileType = sourcecode.cpp.h; path = audio_pool.hpp; sourceTree = "<group>"; };
		7EEEF6CE1C77A21000103E80 /* audio_raw_pool.cpp */ = {isa = PBXFileReference; fileEncoding = 4; lastKnownFileType = sourcecode.cpp.cpp; path = audio_raw_pool.cpp; sourceTree = "<group>"; };
		7EEEF6CF1C77A21000103E80 /* audio_raw_pool.hpp */ = {isa = PBXFileReference; fileEncoding = 4; lastKnownFileType = sourcecode.cpp.h; path = audio_raw_pool.hpp; sourceTree = "<group>"; };
		7EEEF6D31C77C4CD00103E80 /* audio.cpp */ = {isa = PBXFileReference; fileEncoding = 4; lastKnownFileType = sourcecode.cpp.cpp; path = audio.cpp; sourceTree = "<group>"; };
		7EEEF6D41C77C4CD00103E80 /* audio.hpp */ = {isa = PBXFileReference; fileEncoding = 4; lastKnownFileType = sourcecode.cpp.h; path = audio.hpp; sourceTree = "<group>"; };
		7EFB9B001C5E620C00A838C7 /* entity_id.cpp */ = {isa = PBXFileReference; fileEncoding = 4; lastKnownFileType = sourcecode.cpp.cpp; path = entity_id.cpp; sourceTree = "<group>"; };
		7EFB9B011C5E620C00A838C7 /* entity_id.hpp */ = {isa = PBXFileReference; fileEncoding = 4; lastKnownFileType = sourcecode.cpp.h; path = entity_id.hpp; sourceTree = "<group>"; };
		7EFB9B031C5E620C00A838C7 /* interface.hpp */ = {isa = PBXFileReference; fileEncoding = 4; lastKnownFileType = sourcecode.cpp.h; path = interface.hpp; sourceTree = "<group>"; };
		7EFB9B041C5E620C00A838C7 /* interface_fwd.hpp */ = {isa = PBXFileReference; fileEncoding = 4; lastKnownFileType = sourcecode.cpp.h; path = interface_fwd.hpp; sourceTree = "<group>"; };
		7EFB9B051C5E620C00A838C7 /* component.cpp */ = {isa = PBXFileReference; fileEncoding = 4; lastKnownFileType = sourcecode.cpp.cpp; path = component.cpp; sourceTree = "<group>"; };
		7EFB9B061C5E620C00A838C7 /* component.hpp */ = {isa = PBXFileReference; fileEncoding = 4; lastKnownFileType = sourcecode.cpp.h; path = component.hpp; sourceTree = "<group>"; };
		7EFB9B081C5E620C00A838C7 /* component_detail.hpp */ = {isa = PBXFileReference; fileEncoding = 4; lastKnownFileType = sourcecode.cpp.h; path = component_detail.hpp; sourceTree = "<group>"; };
		7EFB9B091C5E620C00A838C7 /* entity_detail.hpp */ = {isa = PBXFileReference; fileEncoding = 4; lastKnownFileType = sourcecode.cpp.h; path = entity_detail.hpp; sourceTree = "<group>"; };
		7EFB9B0A1C5E620C00A838C7 /* entity.cpp */ = {isa = PBXFileReference; fileEncoding = 4; lastKnownFileType = sourcecode.cpp.cpp; path = entity.cpp; sourceTree = "<group>"; };
		7EFB9B0B1C5E620C00A838C7 /* entity.hpp */ = {isa = PBXFileReference; fileEncoding = 4; lastKnownFileType = sourcecode.cpp.h; path = entity.hpp; sourceTree = "<group>"; };
		7EFB9B0F1C5E625A00A838C7 /* core_fwd.hpp */ = {isa = PBXFileReference; lastKnownFileType = sourcecode.cpp.h; path = core_fwd.hpp; sourceTree = "<group>"; };
		7EFB9B101C5E625A00A838C7 /* core.hpp */ = {isa = PBXFileReference; lastKnownFileType = sourcecode.cpp.h; path = core.hpp; sourceTree = "<group>"; };
		7EFB9B111C5E78CB00A838C7 /* actor_model.cpp */ = {isa = PBXFileReference; fileEncoding = 4; lastKnownFileType = sourcecode.cpp.cpp; path = actor_model.cpp; sourceTree = "<group>"; };
		7EFB9B121C5E78CB00A838C7 /* actor_model.hpp */ = {isa = PBXFileReference; fileEncoding = 4; lastKnownFileType = sourcecode.cpp.h; path = actor_model.hpp; sourceTree = "<group>"; };
/* End PBXFileReference section */

/* Begin PBXFrameworksBuildPhase section */
		7EA2C6011C1F5CFC00389748 /* Frameworks */ = {
			isa = PBXFrameworksBuildPhase;
			buildActionMask = 2147483647;
			files = (
				7EA2C6201C1F5E2A00389748 /* OpenGL.framework in Frameworks */,
				7EA1A1F91C3984D0009867BD /* libenet.a in Frameworks */,
			);
			runOnlyForDeploymentPostprocessing = 0;
		};
/* End PBXFrameworksBuildPhase section */

/* Begin PBXGroup section */
		7E033E511C6A845000D3379D /* memory */ = {
			isa = PBXGroup;
			children = (
				7E033E531C6A845000D3379D /* chunk.hpp */,
				7E033E541C6A845000D3379D /* memory.cpp */,
				7E033E551C6A845000D3379D /* memory.hpp */,
				7E033E561C6A845000D3379D /* memory_fwd.hpp */,
			);
			path = memory;
			sourceTree = "<group>";
		};
		7E033E591C6C878400D3379D /* world_data */ = {
			isa = PBXGroup;
			children = (
				7EEEF6CC1C77A20F00103E80 /* audio_pool.cpp */,
				7EEEF6CD1C77A20F00103E80 /* audio_pool.hpp */,
				7EEEF6CE1C77A21000103E80 /* audio_raw_pool.cpp */,
				7EEEF6CF1C77A21000103E80 /* audio_raw_pool.hpp */,
				7E033E5A1C6C878400D3379D /* camera_pool.cpp */,
				7E033E5B1C6C878400D3379D /* camera_pool.hpp */,
				7E033E5E1C6C878400D3379D /* entity_pool.cpp */,
				7E033E5F1C6C878400D3379D /* entity_pool.hpp */,
				7E033E601C6C878400D3379D /* graph_change_pool.cpp */,
				7E033E611C6C878400D3379D /* graph_change_pool.hpp */,
				7E033E621C6C878400D3379D /* logic_pool.cpp */,
				7E033E631C6C878400D3379D /* logic_pool.hpp */,
				7E033E641C6C878400D3379D /* model_pool.cpp */,
				7E033E651C6C878400D3379D /* model_pool.hpp */,
				7E033E661C6C878400D3379D /* rigidbody_pool.cpp */,
				7E033E671C6C878400D3379D /* rigidbody_pool.hpp */,
				7E033E681C6C878400D3379D /* texture_pool.cpp */,
				7E033E691C6C878400D3379D /* texture_pool.hpp */,
				7E033E751C6C87E100D3379D /* world_data_fwd.hpp */,
				7E033E6B1C6C878400D3379D /* world_data.hpp */,
				7E033E761C6C88F200D3379D /* world_pools.cpp */,
				7E033E771C6C88F200D3379D /* world_pools.hpp */,
				7E033E791C6C915800D3379D /* world.cpp */,
				7E033E7A1C6C915800D3379D /* world.hpp */,
			);
			path = world_data;
			sourceTree = "<group>";
		};
		7E033E7F1C6E699D00D3379D /* network_data */ = {
			isa = PBXGroup;
			children = (
				7E033E8B1C70622F00D3379D /* interpolation_pool.cpp */,
				7E033E8C1C70622F00D3379D /* interpolation_pool.hpp */,
				7E033E871C70621800D3379D /* network_data_fwd.hpp */,
				7E033E881C70621800D3379D /* network_data.cpp */,
				7E033E891C70621800D3379D /* network_data.hpp */,
				7E033E801C6E699D00D3379D /* net_entity_pool.cpp */,
				7E033E811C6E699D00D3379D /* net_entity_pool.hpp */,
			);
			path = network_data;
			sourceTree = "<group>";
		};
		7E03C4351C69268B0079DA81 /* audio */ = {
			isa = PBXGroup;
			children = (
				7E03C4361C69268B0079DA81 /* audio.hpp */,
				7E09B5111C7A446000DD97F3 /* audio_system.cpp */,
				7E03C4371C69268B0079DA81 /* audio_fwd.hpp */,
			);
			path = audio;
			sourceTree = "<group>";
		};
		7E0D475D1C79133A00FD7752 /* camera */ = {
			isa = PBXGroup;
			children = (
				7E0D475E1C79133A00FD7752 /* camera.cpp */,
				7E0D475F1C79133A00FD7752 /* camera.hpp */,
			);
			path = camera;
			sourceTree = "<group>";
		};
		7E0D47601C79133A00FD7752 /* network */ = {
			isa = PBXGroup;
			children = (
				7E0D47611C79133A00FD7752 /* peers.cpp */,
				7E0D47621C79133A00FD7752 /* peers.hpp */,
			);
			path = network;
			sourceTree = "<group>";
		};
		7E687DA91C5EAC2900E13BB6 /* common */ = {
			isa = PBXGroup;
			children = (
				7EAD4CDA1C628E86007F6A9C /* ids_game_events.hpp */,
				7EAD4CC01C609C6E007F6A9C /* ids_object_tags.hpp */,
				7E687DAA1C5EAC2900E13BB6 /* ids_component_types.hpp */,
				7E687DAB1C5EAC2900E13BB6 /* ids_object_types.hpp */,
			);
			path = common;
			sourceTree = "<group>";
		};
		7EA2C5FB1C1F5CFC00389748 = {
			isa = PBXGroup;
			children = (
				7EA2C6541C1F637D00389748 /* assets */,
				7EA2C6061C1F5CFC00389748 /* Wired */,
				7EC9B9821C3ED7A200FBF1D7 /* Frameworks */,
				7EA2C6051C1F5CFC00389748 /* Products */,
			);
			sourceTree = "<group>";
		};
		7EA2C6051C1F5CFC00389748 /* Products */ = {
			isa = PBXGroup;
			children = (
				7EA2C6041C1F5CFC00389748 /* wired.app */,
			);
			name = Products;
			sourceTree = "<group>";
		};
		7EA2C6061C1F5CFC00389748 /* Wired */ = {
			isa = PBXGroup;
			children = (
				7EA2C6181C1F5D4600389748 /* code */,
				7EA2C60A1C1F5CFC00389748 /* Supporting Files */,
			);
			name = Wired;
			path = wired;
			sourceTree = "<group>";
		};
		7EA2C60A1C1F5CFC00389748 /* Supporting Files */ = {
			isa = PBXGroup;
			children = (
				7EA2C6121C1F5CFC00389748 /* Info.plist */,
			);
			name = "Supporting Files";
			sourceTree = "<group>";
		};
		7EA2C6181C1F5D4600389748 /* code */ = {
			isa = PBXGroup;
			children = (
				7EFB9AFF1C5E620C00A838C7 /* core */,
				7ED7BB831C3CF8B100CE80EA /* application */,
				7ED7BB871C3CF8B100CE80EA /* data */,
				7ED7BBA31C3CF8B100CE80EA /* renderer */,
				7ED7BBBC1C3CF8B100CE80EA /* systems */,
				7ED7BBDE1C3CF9C700CE80EA /* utils */,
				7EA2C61D1C1F5D4600389748 /* wired_app.cpp */,
			);
			name = code;
			path = ../../../../code;
			sourceTree = "<group>";
		};
		7EAD4CC11C6123F1007F6A9C /* camera */ = {
			isa = PBXGroup;
			children = (
				7EAD4CC31C6123F1007F6A9C /* camera_fwd.hpp */,
				7EAD4CC41C6123F1007F6A9C /* camera_properties.hpp */,
			);
			path = camera;
			sourceTree = "<group>";
		};
		7EAD4CCE1C628524007F6A9C /* event */ = {
			isa = PBXGroup;
			children = (
				7EAD4CCF1C628524007F6A9C /* event.cpp */,
				7EAD4CD01C628524007F6A9C /* event.hpp */,
				7EAD4CD11C628524007F6A9C /* event_controller.cpp */,
				7EAD4CD21C628524007F6A9C /* event_controller.hpp */,
				7EAD4CD31C628524007F6A9C /* event_fwd.hpp */,
				7EAD4CD41C628524007F6A9C /* event_manager.cpp */,
				7EAD4CD51C628524007F6A9C /* event_manager.hpp */,
			);
			path = event;
			sourceTree = "<group>";
		};
		7EAD4CE11C638F6D007F6A9C /* core_data */ = {
			isa = PBXGroup;
			children = (
				7E033E7C1C6D340800D3379D /* input_pool.cpp */,
				7E033E7D1C6D340800D3379D /* input_pool.hpp */,
				7EAD4CF11C63DDBB007F6A9C /* core_data_fwd.hpp */,
				7EAD4CE21C638F6D007F6A9C /* core_data.cpp */,
				7EAD4CE31C638F6D007F6A9C /* core_data.hpp */,
			);
			path = core_data;
			sourceTree = "<group>";
		};
		7EAD4CE51C638F8E007F6A9C /* input */ = {
			isa = PBXGroup;
			children = (
				7EAD4CEA1C638F8E007F6A9C /* detail */,
				7EAD4CE61C638F8E007F6A9C /* axis.hpp */,
				7EAD4CE71C638F8E007F6A9C /* buttons.hpp */,
				7EAD4CE81C638F8E007F6A9C /* controller.cpp */,
				7EAD4CE91C638F8E007F6A9C /* controller.hpp */,
				7EAD4CEC1C638F8E007F6A9C /* input.cpp */,
				7EAD4CED1C638F8E007F6A9C /* input.hpp */,
			);
			path = input;
			sourceTree = "<group>";
		};
		7EAD4CEA1C638F8E007F6A9C /* detail */ = {
			isa = PBXGroup;
			children = (
				7EAD4CEB1C638F8E007F6A9C /* input_access.hpp */,
				7EAD4CF01C63D42B007F6A9C /* controller_members.hpp */,
			);
			path = detail;
			sourceTree = "<group>";
		};
		7EAD4CF21C6684BD007F6A9C /* physics */ = {
			isa = PBXGroup;
			children = (
				7EAD4CF31C6684BD007F6A9C /* ray.cpp */,
				7EAD4CF41C6684BD007F6A9C /* ray.hpp */,
			);
			path = physics;
			sourceTree = "<group>";
		};
		7EAD4CF61C668F72007F6A9C /* engine */ = {
			isa = PBXGroup;
			children = (
				7EAD4CF71C668F72007F6A9C /* application_client.cpp */,
				7EAD4CF81C668F72007F6A9C /* application_client.hpp */,
				7EAD4CF91C668F72007F6A9C /* application_common.cpp */,
				7EAD4CFA1C668F72007F6A9C /* application_common.hpp */,
				7EAD4CFB1C668F72007F6A9C /* application_graphics.cpp */,
				7EAD4CFC1C668F72007F6A9C /* application_graphics.hpp */,
				7EAD4CFD1C668F72007F6A9C /* application_host.cpp */,
				7EAD4CFE1C668F72007F6A9C /* application_host.hpp */,
			);
			path = engine;
			sourceTree = "<group>";
		};
		7EC9B9821C3ED7A200FBF1D7 /* Frameworks */ = {
			isa = PBXGroup;
			children = (
				7EA1A1F81C3984D0009867BD /* libenet.a */,
				7EA2C61F1C1F5E2A00389748 /* OpenGL.framework */,
			);
			name = Frameworks;
			sourceTree = "<group>";
		};
		7EC9B98E1C418A3000FBF1D7 /* graphics_api */ = {
			isa = PBXGroup;
			children = (
				7EEEF6C11C77046E00103E80 /* utils */,
				7EC9B98F1C418A3000FBF1D7 /* ogl */,
				7EC9B99A1C418A3000FBF1D7 /* pixel_format.hpp */,
				7EC9B99B1C418A3000FBF1D7 /* shader.hpp */,
				7EC9B99C1C418A3000FBF1D7 /* texture_filtering.hpp */,
			);
			path = graphics_api;
			sourceTree = "<group>";
		};
		7EC9B98F1C418A3000FBF1D7 /* ogl */ = {
			isa = PBXGroup;
			children = (
				7EEEF6BE1C76523600103E80 /* ogl_vertex_buffer.cpp */,
				7EEEF6BF1C76523600103E80 /* ogl_vertex_buffer.hpp */,
				7EEEF6BB1C7603FC00103E80 /* ogl_vertex_format.cpp */,
				7EEEF6BC1C7603FC00103E80 /* ogl_vertex_format.hpp */,
				7EC9B9911C418A3000FBF1D7 /* ogl_common.hpp */,
				7EC9B9921C418A3000FBF1D7 /* ogl_fwd.hpp */,
				7EC9B9931C418A3000FBF1D7 /* ogl_pixel_format.hpp */,
				7EC9B9A11C43838200FBF1D7 /* ogl_shader_uniform.cpp */,
				7EC9B9A21C43838200FBF1D7 /* ogl_shader_uniform.hpp */,
				7EC9B9941C418A3000FBF1D7 /* ogl_shader.cpp */,
				7EC9B9951C418A3000FBF1D7 /* ogl_shader.hpp */,
				7EC9B9981C418A3000FBF1D7 /* ogl_texture_filtering.cpp */,
				7EC9B9991C418A3000FBF1D7 /* ogl_texture_filtering.hpp */,
				7EC9B9961C418A3000FBF1D7 /* ogl_texture.cpp */,
				7EC9B9971C418A3000FBF1D7 /* ogl_texture.hpp */,
				7EC9B9901C418A3000FBF1D7 /* ogl.hpp */,
			);
			path = ogl;
			sourceTree = "<group>";
		};
		7EC9B9BB1C48370700FBF1D7 /* environment */ = {
			isa = PBXGroup;
			children = (
				7EC9B9C61C4844BE00FBF1D7 /* sdl */,
				7EC9B9BC1C48370700FBF1D7 /* environment.hpp */,
				7EC9B9BD1C48370700FBF1D7 /* environment_fwd.hpp */,
				7EC9B9BF1C48370700FBF1D7 /* input.hpp */,
				7EC9B9C11C48370700FBF1D7 /* window.hpp */,
			);
			path = environment;
			sourceTree = "<group>";
		};
		7EC9B9C61C4844BE00FBF1D7 /* sdl */ = {
			isa = PBXGroup;
			children = (
				7EC9B9CD1C48481500FBF1D7 /* sdl_types.hpp */,
				7EC9B9CE1C48D1D100FBF1D7 /* sdl_common.hpp */,
				7EC9B9C71C4844BE00FBF1D7 /* sdl_environment.cpp */,
				7EC9B9C81C4844BE00FBF1D7 /* sdl_input.cpp */,
				7EC9B9C91C4844BE00FBF1D7 /* sdl_window.cpp */,
			);
			path = sdl;
			sourceTree = "<group>";
		};
		7ED7BB831C3CF8B100CE80EA /* application */ = {
			isa = PBXGroup;
			children = (
				7E687DA91C5EAC2900E13BB6 /* common */,
				7EAD4CF61C668F72007F6A9C /* engine */,
				7ED7BB841C3CF8B100CE80EA /* entity_factory.cpp */,
				7ED7BB851C3CF8B100CE80EA /* entity_factory.hpp */,
				7ED7BB861C3CF8B100CE80EA /* game_logic */,
				7EC9B97F1C3ECACA00FBF1D7 /* network_events.cpp */,
				7EC9B9801C3ECACA00FBF1D7 /* network_events.hpp */,
				7ED7BBDB1C3CF8FE00CE80EA /* resources.cpp */,
				7ED7BBDC1C3CF8FE00CE80EA /* resources.hpp */,
			);
			path = application;
			sourceTree = "<group>";
		};
		7ED7BB861C3CF8B100CE80EA /* game_logic */ = {
			isa = PBXGroup;
			children = (
				7EE444541C731D2500D7881B /* gun_model.cpp */,
				7EE444551C731D2500D7881B /* gun_model.hpp */,
				7EAD4CDB1C63340D007F6A9C /* npc_actor_controller.cpp */,
				7EAD4CDC1C63340D007F6A9C /* npc_actor_controller.hpp */,
				7E03C4321C68D22E0079DA81 /* network_player_controller.cpp */,
				7E03C4331C68D22E0079DA81 /* network_player_controller.hpp */,
				7EAD4CC81C623C97007F6A9C /* local_player_controller.cpp */,
				7EAD4CC91C623C97007F6A9C /* local_player_controller.hpp */,
				7EFB9B111C5E78CB00A838C7 /* actor_model.cpp */,
				7EFB9B121C5E78CB00A838C7 /* actor_model.hpp */,
			);
			path = game_logic;
			sourceTree = "<group>";
		};
		7ED7BB871C3CF8B100CE80EA /* data */ = {
			isa = PBXGroup;
			children = (
				7E033E741C6C87A000D3379D /* data.hpp */,
				7E033E7F1C6E699D00D3379D /* network_data */,
				7E033E591C6C878400D3379D /* world_data */,
				7EAD4CE11C638F6D007F6A9C /* core_data */,
			);
			path = data;
			sourceTree = "<group>";
		};
		7ED7BBA31C3CF8B100CE80EA /* renderer */ = {
			isa = PBXGroup;
			children = (
				7ED7BBA41C3CF8B100CE80EA /* debug_line.cpp */,
				7ED7BBA51C3CF8B100CE80EA /* debug_line.hpp */,
				7ED7BBB51C3CF8B100CE80EA /* renderer.hpp */,
				7ED7BBA61C3CF8B100CE80EA /* debug_line_renderer */,
				7EC9B98E1C418A3000FBF1D7 /* graphics_api */,
				7ED7BBB81C3CF8B100CE80EA /* simple_renderer */,
			);
			path = renderer;
			sourceTree = "<group>";
		};
		7ED7BBA61C3CF8B100CE80EA /* debug_line_renderer */ = {
			isa = PBXGroup;
			children = (
				7ED7BBA71C3CF8B100CE80EA /* debug_line_renderer.cpp */,
				7ED7BBA81C3CF8B100CE80EA /* debug_line_renderer.hpp */,
				7ED7BBA91C3CF8B100CE80EA /* debug_line_renderer_node.hpp */,
			);
			path = debug_line_renderer;
			sourceTree = "<group>";
		};
		7ED7BBB81C3CF8B100CE80EA /* simple_renderer */ = {
			isa = PBXGroup;
			children = (
				7ED7BBB91C3CF8B100CE80EA /* simple_renderer.cpp */,
				7ED7BBBA1C3CF8B100CE80EA /* simple_renderer.hpp */,
				7ED7BBBB1C3CF8B100CE80EA /* simple_renderer_node.hpp */,
			);
			path = simple_renderer;
			sourceTree = "<group>";
		};
		7ED7BBBC1C3CF8B100CE80EA /* systems */ = {
			isa = PBXGroup;
			children = (
				7E03C4351C69268B0079DA81 /* audio */,
				7EAD4CC11C6123F1007F6A9C /* camera */,
				7EC9B9BB1C48370700FBF1D7 /* environment */,
				7ED7BC051C3E56D000CE80EA /* entity */,
				7ED7BC011C3E566000CE80EA /* model_manager */,
				7ED7BBBD1C3CF8B100CE80EA /* net_transform */,
				7ED7BBC11C3CF8B100CE80EA /* network */,
				7ED7BC0D1C3E56D000CE80EA /* physics */,
				7ED7BBFC1C3E561600CE80EA /* texture_manager */,
				7ED7BBC61C3CF8B100CE80EA /* transform */,
			);
			path = systems;
			sourceTree = "<group>";
		};
		7ED7BBBD1C3CF8B100CE80EA /* net_transform */ = {
			isa = PBXGroup;
			children = (
				7ED7BBBE1C3CF8B100CE80EA /* net_transform.cpp */,
				7ED7BBBF1C3CF8B100CE80EA /* net_transform.hpp */,
				7ED7BBC01C3CF8B100CE80EA /* net_transform_structure.hpp */,
			);
			path = net_transform;
			sourceTree = "<group>";
		};
		7ED7BBC11C3CF8B100CE80EA /* network */ = {
			isa = PBXGroup;
			children = (
				7ED7BBC21C3CF8B100CE80EA /* network.cpp */,
				7ED7BBC31C3CF8B100CE80EA /* network.hpp */,
				7ED7BBC41C3CF8B100CE80EA /* network_connection.hpp */,
				7ED7BBC51C3CF8B100CE80EA /* network_fwd.hpp */,
			);
			path = network;
			sourceTree = "<group>";
		};
		7ED7BBC61C3CF8B100CE80EA /* transform */ = {
			isa = PBXGroup;
			children = (
				7E0D475A1C786A6300FD7752 /* transformations.cpp */,
				7E0D475B1C786A6300FD7752 /* transformations.hpp */,
			);
			path = transform;
			sourceTree = "<group>";
		};
		7ED7BBDE1C3CF9C700CE80EA /* utils */ = {
			isa = PBXGroup;
			children = (
				7ED7BBDF1C3CF9C700CE80EA /* alignment.hpp */,
				7E033E861C6FC64700D3379D /* optimizations.hpp */,
				7ED7BBE01C3CF9C700CE80EA /* color.hpp */,
				7ED7BBE11C3CF9C700CE80EA /* directory.hpp */,
				7ED7BBE21C3CF9C700CE80EA /* directory_mac.mm */,
				7ED7BBE41C3CF9C700CE80EA /* file_helpers.hpp */,
				7ED7BBE51C3CF9C700CE80EA /* inter_node.hpp */,
				7ED7BBE61C3CF9C700CE80EA /* logging.cpp */,
				7ED7BBE71C3CF9C700CE80EA /* logging.hpp */,
				7ED7BBE81C3CF9C700CE80EA /* obj_model_loader.cpp */,
				7ED7BBE91C3CF9C700CE80EA /* obj_model_loader.hpp */,
				7ED7BBEA1C3CF9C700CE80EA /* string_helpers.hpp */,
				7ED7BBEB1C3CF9C700CE80EA /* timer.cpp */,
				7ED7BBEC1C3CF9C700CE80EA /* timer.hpp */,
				7ED7BBED1C3CF9C700CE80EA /* utils_fwd.hpp */,
				7ED7BBEE1C3CF9C700CE80EA /* variant.hpp */,
			);
			name = utils;
			path = ../../utils;
			sourceTree = "<group>";
		};
		7ED7BBFC1C3E561600CE80EA /* texture_manager */ = {
			isa = PBXGroup;
			children = (
				7ED7BBFD1C3E561600CE80EA /* texture_manager.cpp */,
				7ED7BBFE1C3E561600CE80EA /* texture_manager.hpp */,
			);
			path = texture_manager;
			sourceTree = "<group>";
		};
		7ED7BC011C3E566000CE80EA /* model_manager */ = {
			isa = PBXGroup;
			children = (
				7ED7BC021C3E566000CE80EA /* model_manager.cpp */,
				7ED7BC031C3E566000CE80EA /* model_manager.hpp */,
			);
			path = model_manager;
			sourceTree = "<group>";
		};
		7ED7BC051C3E56D000CE80EA /* entity */ = {
			isa = PBXGroup;
			children = (
				7ED7BC0B1C3E56D000CE80EA /* generic_id.cpp */,
				7ED7BC0C1C3E56D000CE80EA /* generic_id.hpp */,
			);
			path = entity;
			sourceTree = "<group>";
		};
		7ED7BC0D1C3E56D000CE80EA /* physics */ = {
			isa = PBXGroup;
			children = (
				7ED7BC0E1C3E56D000CE80EA /* debug_renderer.cpp */,
				7ED7BC0F1C3E56D000CE80EA /* debug_renderer.hpp */,
				7ED7BC101C3E56D000CE80EA /* motion_state.cpp */,
				7ED7BC111C3E56D000CE80EA /* motion_state.hpp */,
				7ED7BC131C3E56D000CE80EA /* physics_fwd.hpp */,
				7ED7BC121C3E56D000CE80EA /* physics.hpp */,
				7EC9B9DB1C4C305900FBF1D7 /* rigidbody_collider.cpp */,
				7EC9B9DC1C4C305900FBF1D7 /* rigidbody_collider.hpp */,
				7ED7BC161C3E56D000CE80EA /* rigidbody_properties.hpp */,
				7ED7BC141C3E56D000CE80EA /* rigidbody.cpp */,
				7ED7BC151C3E56D000CE80EA /* rigidbody.hpp */,
				7E033E831C6F296700D3379D /* physics_world.cpp */,
				7E033E841C6F296700D3379D /* physics_world.hpp */,
			);
			path = physics;
			sourceTree = "<group>";
		};
		7EE444571C7457B300D7881B /* transform */ = {
			isa = PBXGroup;
			children = (
				7EE444581C7457B300D7881B /* transform.cpp */,
				7EE444591C7457B300D7881B /* transform.hpp */,
			);
			path = transform;
			sourceTree = "<group>";
		};
		7EEEF6C11C77046E00103E80 /* utils */ = {
			isa = PBXGroup;
			children = (
				7EEEF6C21C77046E00103E80 /* shader_utils.cpp */,
				7EEEF6C31C77046E00103E80 /* shader_utils.hpp */,
			);
			path = utils;
			sourceTree = "<group>";
		};
		7EEEF6D21C77C4CD00103E80 /* audio */ = {
			isa = PBXGroup;
			children = (
				7EEEF6D31C77C4CD00103E80 /* audio.cpp */,
				7EEEF6D41C77C4CD00103E80 /* audio.hpp */,
			);
			path = audio;
			sourceTree = "<group>";
		};
		7EFB9AFF1C5E620C00A838C7 /* core */ = {
			isa = PBXGroup;
			children = (
				7E0D475D1C79133A00FD7752 /* camera */,
				7E0D47601C79133A00FD7752 /* network */,
				7EEEF6D21C77C4CD00103E80 /* audio */,
				7EE444571C7457B300D7881B /* transform */,
				7EAD4CD91C628A51007F6A9C /* ids_core_events.hpp */,
				7EFB9B0F1C5E625A00A838C7 /* core_fwd.hpp */,
				7EFB9B101C5E625A00A838C7 /* core.hpp */,
				7EFB9B001C5E620C00A838C7 /* entity_id.cpp */,
				7EFB9B011C5E620C00A838C7 /* entity_id.hpp */,
				7E033E511C6A845000D3379D /* memory */,
				7EAD4CCE1C628524007F6A9C /* event */,
				7EAD4CF21C6684BD007F6A9C /* physics */,
				7EAD4CE51C638F8E007F6A9C /* input */,
				7EFB9B021C5E620C00A838C7 /* interface */,
			);
			path = core;
			sourceTree = "<group>";
		};
		7EFB9B021C5E620C00A838C7 /* interface */ = {
			isa = PBXGroup;
			children = (
				7EFB9B071C5E620C00A838C7 /* detail */,
				7EFB9B031C5E620C00A838C7 /* interface.hpp */,
				7EFB9B041C5E620C00A838C7 /* interface_fwd.hpp */,
				7EFB9B051C5E620C00A838C7 /* component.cpp */,
				7EFB9B061C5E620C00A838C7 /* component.hpp */,
				7EFB9B0A1C5E620C00A838C7 /* entity.cpp */,
				7EFB9B0B1C5E620C00A838C7 /* entity.hpp */,
			);
			path = interface;
			sourceTree = "<group>";
		};
		7EFB9B071C5E620C00A838C7 /* detail */ = {
			isa = PBXGroup;
			children = (
				7EFB9B081C5E620C00A838C7 /* component_detail.hpp */,
				7EFB9B091C5E620C00A838C7 /* entity_detail.hpp */,
			);
			path = detail;
			sourceTree = "<group>";
		};
/* End PBXGroup section */

/* Begin PBXNativeTarget section */
		7EA2C6031C1F5CFC00389748 /* wired */ = {
			isa = PBXNativeTarget;
			buildConfigurationList = 7EA2C6151C1F5CFC00389748 /* Build configuration list for PBXNativeTarget "wired" */;
			buildPhases = (
				7EA2C6001C1F5CFC00389748 /* Sources */,
				7EA2C6011C1F5CFC00389748 /* Frameworks */,
				7EA2C6021C1F5CFC00389748 /* Resources */,
				7EEEF6C81C774CAA00103E80 /* CopyFiles */,
			);
			buildRules = (
			);
			dependencies = (
			);
			name = wired;
			productName = wired;
			productReference = 7EA2C6041C1F5CFC00389748 /* wired.app */;
			productType = "com.apple.product-type.application";
		};
/* End PBXNativeTarget section */

/* Begin PBXProject section */
		7EA2C5FC1C1F5CFC00389748 /* Project object */ = {
			isa = PBXProject;
			attributes = {
				LastUpgradeCheck = 0710;
				ORGANIZATIONNAME = "Squid Vs Shark";
				TargetAttributes = {
					7EA2C6031C1F5CFC00389748 = {
						CreatedOnToolsVersion = 7.1.1;
					};
				};
			};
			buildConfigurationList = 7EA2C5FF1C1F5CFC00389748 /* Build configuration list for PBXProject "wired" */;
			compatibilityVersion = "Xcode 3.2";
			developmentRegion = English;
			hasScannedForEncodings = 0;
			knownRegions = (
				en,
				Base,
			);
			mainGroup = 7EA2C5FB1C1F5CFC00389748;
			productRefGroup = 7EA2C6051C1F5CFC00389748 /* Products */;
			projectDirPath = "";
			projectRoot = "";
			targets = (
				7EA2C6031C1F5CFC00389748 /* wired */,
			);
		};
/* End PBXProject section */

/* Begin PBXResourcesBuildPhase section */
		7EA2C6021C1F5CFC00389748 /* Resources */ = {
			isa = PBXResourcesBuildPhase;
			buildActionMask = 2147483647;
			files = (
				7EA2C6551C1F637D00389748 /* assets in Resources */,
			);
			runOnlyForDeploymentPostprocessing = 0;
		};
/* End PBXResourcesBuildPhase section */

/* Begin PBXSourcesBuildPhase section */
		7EA2C6001C1F5CFC00389748 /* Sources */ = {
			isa = PBXSourcesBuildPhase;
			buildActionMask = 2147483647;
			files = (
				7ED7BBD31C3CF8B100CE80EA /* debug_line_renderer.cpp in Sources */,
				7ED7BC1D1C3E56D000CE80EA /* motion_state.cpp in Sources */,
				7ED7BBF21C3CF9C700CE80EA /* obj_model_loader.cpp in Sources */,
				7EEEF6D11C77A21000103E80 /* audio_raw_pool.cpp in Sources */,
				7ED7BBD81C3CF8B100CE80EA /* net_transform.cpp in Sources */,
				7EAD4CD71C628524007F6A9C /* event_controller.cpp in Sources */,
				7EAD4D001C668F72007F6A9C /* application_common.cpp in Sources */,
				7EA2C61E1C1F5D4600389748 /* wired_app.cpp in Sources */,
				7E033E8D1C70622F00D3379D /* interpolation_pool.cpp in Sources */,
				7EC9B9CC1C4844BE00FBF1D7 /* sdl_window.cpp in Sources */,
				7ED7BC001C3E561700CE80EA /* texture_manager.cpp in Sources */,
				7EAD4CCA1C623C97007F6A9C /* local_player_controller.cpp in Sources */,
				7E033E581C6A845000D3379D /* memory.cpp in Sources */,
				7EC9B9CA1C4844BE00FBF1D7 /* sdl_environment.cpp in Sources */,
				7ED7BBEF1C3CF9C700CE80EA /* directory_mac.mm in Sources */,
				7ED7BBD71C3CF8B100CE80EA /* simple_renderer.cpp in Sources */,
				7E033E6D1C6C878400D3379D /* entity_pool.cpp in Sources */,
				7EAD4CF51C6684BD007F6A9C /* ray.cpp in Sources */,
				7EC9B9DD1C4C305900FBF1D7 /* rigidbody_collider.cpp in Sources */,
				7EAD4CD81C628524007F6A9C /* event_manager.cpp in Sources */,
				7EAD4CFF1C668F72007F6A9C /* application_client.cpp in Sources */,
				7EC9B99D1C418A3000FBF1D7 /* ogl_shader.cpp in Sources */,
				7EC9B9A31C43838200FBF1D7 /* ogl_shader_uniform.cpp in Sources */,
				7E033E6E1C6C878400D3379D /* graph_change_pool.cpp in Sources */,
				7EFB9B0D1C5E620C00A838C7 /* component.cpp in Sources */,
				7ED7BC041C3E566000CE80EA /* model_manager.cpp in Sources */,
				7ED7BBD21C3CF8B100CE80EA /* debug_line.cpp in Sources */,
				7E033E6F1C6C878400D3379D /* logic_pool.cpp in Sources */,
				7EAD4D021C668F72007F6A9C /* application_host.cpp in Sources */,
				7EEEF6C41C77046E00103E80 /* shader_utils.cpp in Sources */,
				7EFB9B0E1C5E620C00A838C7 /* entity.cpp in Sources */,
				7EEEF6D51C77C4CD00103E80 /* audio.cpp in Sources */,
				7EEEF6C01C76523600103E80 /* ogl_vertex_buffer.cpp in Sources */,
				7EE4445A1C7457B300D7881B /* transform.cpp in Sources */,
				7ED7BC1B1C3E56D000CE80EA /* generic_id.cpp in Sources */,
				7EAD4CD61C628524007F6A9C /* event.cpp in Sources */,
				7EFB9B131C5E78CB00A838C7 /* actor_model.cpp in Sources */,
				7E033E781C6C88F200D3379D /* world_pools.cpp in Sources */,
				7ED7BBC91C3CF8B100CE80EA /* entity_factory.cpp in Sources */,
				7E09B5121C7A446000DD97F3 /* audio_system.cpp in Sources */,
				7E033E7B1C6C915800D3379D /* world.cpp in Sources */,
				7E0D47641C79133A00FD7752 /* peers.cpp in Sources */,
				7ED7BBF11C3CF9C700CE80EA /* logging.cpp in Sources */,
				7EAD4CE41C638F6D007F6A9C /* core_data.cpp in Sources */,
				7EC9B9CB1C4844BE00FBF1D7 /* sdl_input.cpp in Sources */,
				7ED7BBF31C3CF9C700CE80EA /* timer.cpp in Sources */,
				7EC9B9811C3ECACA00FBF1D7 /* network_events.cpp in Sources */,
				7E033E6C1C6C878400D3379D /* camera_pool.cpp in Sources */,
				7E033E8A1C70621800D3379D /* network_data.cpp in Sources */,
				7E033E821C6E699D00D3379D /* net_entity_pool.cpp in Sources */,
				7E033E701C6C878400D3379D /* model_pool.cpp in Sources */,
				7EC9B99E1C418A3000FBF1D7 /* ogl_texture.cpp in Sources */,
				7ED7BBD91C3CF8B100CE80EA /* network.cpp in Sources */,
				7EEEF6BD1C7603FC00103E80 /* ogl_vertex_format.cpp in Sources */,
				7EE444561C731D2500D7881B /* gun_model.cpp in Sources */,
				7E0D47631C79133A00FD7752 /* camera.cpp in Sources */,
				7EAD4D011C668F72007F6A9C /* application_graphics.cpp in Sources */,
				7E03C4341C68D22E0079DA81 /* network_player_controller.cpp in Sources */,
				7EEEF6D01C77A21000103E80 /* audio_pool.cpp in Sources */,
				7EAD4CEE1C638F8E007F6A9C /* controller.cpp in Sources */,
				7E0D475C1C786A6300FD7752 /* transformations.cpp in Sources */,
				7E033E721C6C878400D3379D /* texture_pool.cpp in Sources */,
				7EAD4CEF1C638F8E007F6A9C /* input.cpp in Sources */,
				7EC9B99F1C418A3000FBF1D7 /* ogl_texture_filtering.cpp in Sources */,
				7EFB9B0C1C5E620C00A838C7 /* entity_id.cpp in Sources */,
				7ED7BC1C1C3E56D000CE80EA /* debug_renderer.cpp in Sources */,
				7E033E851C6F296700D3379D /* physics_world.cpp in Sources */,
				7EAD4CDD1C63340D007F6A9C /* npc_actor_controller.cpp in Sources */,
				7ED7BBDD1C3CF8FE00CE80EA /* resources.cpp in Sources */,
				7ED7BC1E1C3E56D000CE80EA /* rigidbody.cpp in Sources */,
				7E033E7E1C6D340800D3379D /* input_pool.cpp in Sources */,
				7E033E711C6C878400D3379D /* rigidbody_pool.cpp in Sources */,
			);
			runOnlyForDeploymentPostprocessing = 0;
		};
/* End PBXSourcesBuildPhase section */

/* Begin XCBuildConfiguration section */
		7EA2C6131C1F5CFC00389748 /* Debug */ = {
			isa = XCBuildConfiguration;
			buildSettings = {
				ALWAYS_SEARCH_USER_PATHS = NO;
				CLANG_CXX_LANGUAGE_STANDARD = "gnu++0x";
				CLANG_CXX_LIBRARY = "libc++";
				CLANG_ENABLE_MODULES = YES;
				CLANG_ENABLE_OBJC_ARC = YES;
				CLANG_WARN_BOOL_CONVERSION = YES;
				CLANG_WARN_CONSTANT_CONVERSION = YES;
				CLANG_WARN_DIRECT_OBJC_ISA_USAGE = YES_ERROR;
				CLANG_WARN_EMPTY_BODY = YES;
				CLANG_WARN_ENUM_CONVERSION = YES;
				CLANG_WARN_INT_CONVERSION = YES;
				CLANG_WARN_OBJC_ROOT_CLASS = YES_ERROR;
				CLANG_WARN_UNREACHABLE_CODE = YES;
				CLANG_WARN__DUPLICATE_METHOD_MATCH = YES;
				CODE_SIGN_IDENTITY = "-";
				COPY_PHASE_STRIP = NO;
				DEBUG_INFORMATION_FORMAT = dwarf;
				ENABLE_STRICT_OBJC_MSGSEND = YES;
				ENABLE_TESTABILITY = YES;
				FRAMEWORK_SEARCH_PATHS = "\"$(SRCROOT)/../../../3rdparty/sdl_mixer/lib/osx\"";
				GCC_C_LANGUAGE_STANDARD = gnu99;
				GCC_DYNAMIC_NO_PIC = NO;
				GCC_NO_COMMON_BLOCKS = YES;
				GCC_OPTIMIZATION_LEVEL = 0;
				GCC_PREPROCESSOR_DEFINITIONS = (
					"DEBUG=1",
					"$(inherited)",
				);
				GCC_WARN_64_TO_32_BIT_CONVERSION = YES;
				GCC_WARN_ABOUT_RETURN_TYPE = YES_ERROR;
				GCC_WARN_UNDECLARED_SELECTOR = YES;
				GCC_WARN_UNINITIALIZED_AUTOS = YES_AGGRESSIVE;
				GCC_WARN_UNUSED_FUNCTION = YES;
				GCC_WARN_UNUSED_VARIABLE = YES;
				MACOSX_DEPLOYMENT_TARGET = 10.11;
				MTL_ENABLE_DEBUG_INFO = YES;
				ONLY_ACTIVE_ARCH = YES;
				SDKROOT = macosx;
			};
			name = Debug;
		};
		7EA2C6141C1F5CFC00389748 /* Release */ = {
			isa = XCBuildConfiguration;
			buildSettings = {
				ALWAYS_SEARCH_USER_PATHS = NO;
				CLANG_CXX_LANGUAGE_STANDARD = "gnu++0x";
				CLANG_CXX_LIBRARY = "libc++";
				CLANG_ENABLE_MODULES = YES;
				CLANG_ENABLE_OBJC_ARC = YES;
				CLANG_WARN_BOOL_CONVERSION = YES;
				CLANG_WARN_CONSTANT_CONVERSION = YES;
				CLANG_WARN_DIRECT_OBJC_ISA_USAGE = YES_ERROR;
				CLANG_WARN_EMPTY_BODY = YES;
				CLANG_WARN_ENUM_CONVERSION = YES;
				CLANG_WARN_INT_CONVERSION = YES;
				CLANG_WARN_OBJC_ROOT_CLASS = YES_ERROR;
				CLANG_WARN_UNREACHABLE_CODE = YES;
				CLANG_WARN__DUPLICATE_METHOD_MATCH = YES;
				CODE_SIGN_IDENTITY = "-";
				COPY_PHASE_STRIP = NO;
				DEBUG_INFORMATION_FORMAT = "dwarf-with-dsym";
				ENABLE_NS_ASSERTIONS = NO;
				ENABLE_STRICT_OBJC_MSGSEND = YES;
				FRAMEWORK_SEARCH_PATHS = "\"$(SRCROOT)/../../../3rdparty/sdl_mixer/lib/osx\"";
				GCC_C_LANGUAGE_STANDARD = gnu99;
				GCC_NO_COMMON_BLOCKS = YES;
				GCC_OPTIMIZATION_LEVEL = 2;
				GCC_WARN_64_TO_32_BIT_CONVERSION = YES;
				GCC_WARN_ABOUT_RETURN_TYPE = YES_ERROR;
				GCC_WARN_UNDECLARED_SELECTOR = YES;
				GCC_WARN_UNINITIALIZED_AUTOS = YES_AGGRESSIVE;
				GCC_WARN_UNUSED_FUNCTION = YES;
				GCC_WARN_UNUSED_VARIABLE = YES;
				MACOSX_DEPLOYMENT_TARGET = 10.11;
				MTL_ENABLE_DEBUG_INFO = NO;
				SDKROOT = macosx;
			};
			name = Release;
		};
		7EA2C6161C1F5CFC00389748 /* Debug */ = {
			isa = XCBuildConfiguration;
			buildSettings = {
				ASSETCATALOG_COMPILER_APPICON_NAME = AppIcon;
				CLANG_CXX_LANGUAGE_STANDARD = "gnu++14";
				COMBINE_HIDPI_IMAGES = YES;
				GCC_ENABLE_CPP_EXCEPTIONS = NO;
				GCC_ENABLE_CPP_RTTI = NO;
				GCC_FAST_MATH = YES;
				HEADER_SEARCH_PATHS = (
					/usr/local/include,
					"\"$(SRCROOT)/../../../code\"",
					/usr/local/include/bullet,
					"\"$(SRCROOT)/../../../3rdparty/enet/include\"",
					"\"$(SRCROOT)/../../../3rdparty/sdl_mixer/include\"",
				);
				INFOPLIST_FILE = wired/Info.plist;
				LD_RUNPATH_SEARCH_PATHS = "$(inherited) @executable_path/../Frameworks";
				LIBRARY_SEARCH_PATHS = (
					/usr/local/lib,
					"\"$(SRCROOT)/../../../3rdparty/enet/lib/osx\"",
				);
				OTHER_CPLUSPLUSFLAGS = (
					"$(OTHER_CFLAGS)",
					"-fno-exceptions",
					"-fno-rtti",
				);
				OTHER_LDFLAGS = (
					"-lsimple_renderer",
					"-lsdl2",
					"-lsdl_wrapper",
					"-lSOIL",
					"-lbulletdynamics",
					"-lbulletcollision",
					"-llinearmath",
					"-lsdl2_mixer",
				);
				PRODUCT_BUNDLE_IDENTIFIER = com.SquidVsShark.wired;
				PRODUCT_NAME = "$(TARGET_NAME)";
				WARNING_CFLAGS = (
					"-Wpedantic",
					"-Wall",
					"-Wno-missing-braces",
				);
			};
			name = Debug;
		};
		7EA2C6171C1F5CFC00389748 /* Release */ = {
			isa = XCBuildConfiguration;
			buildSettings = {
				ASSETCATALOG_COMPILER_APPICON_NAME = AppIcon;
				CLANG_CXX_LANGUAGE_STANDARD = "gnu++14";
				COMBINE_HIDPI_IMAGES = YES;
				GCC_ENABLE_CPP_EXCEPTIONS = NO;
				GCC_ENABLE_CPP_RTTI = NO;
				GCC_FAST_MATH = YES;
				HEADER_SEARCH_PATHS = (
					/usr/local/include,
					"\"$(SRCROOT)/../../../code\"",
					/usr/local/include/bullet,
					"\"$(SRCROOT)/../../../3rdparty/enet/include\"",
					"\"$(SRCROOT)/../../../3rdparty/sdl_mixer/include\"",
				);
				INFOPLIST_FILE = wired/Info.plist;
				LD_RUNPATH_SEARCH_PATHS = "$(inherited) @executable_path/../Frameworks";
				LIBRARY_SEARCH_PATHS = (
					/usr/local/lib,
					"\"$(SRCROOT)/../../../3rdparty/enet/lib/osx\"",
				);
				OTHER_CPLUSPLUSFLAGS = (
					"$(OTHER_CFLAGS)",
					"-fno-exceptions",
					"-fno-rtti",
				);
				OTHER_LDFLAGS = (
					"-lsimple_renderer",
					"-lsdl2",
					"-lsdl_wrapper",
					"-lSOIL",
					"-lbulletdynamics",
					"-lbulletcollision",
					"-llinearmath",
					"-lsdl2_mixer",
				);
				PRODUCT_BUNDLE_IDENTIFIER = com.SquidVsShark.wired;
				PRODUCT_NAME = "$(TARGET_NAME)";
				WARNING_CFLAGS = (
					"-Wpedantic",
					"-Wall",
					"-Wno-missing-braces",
				);
			};
			name = Release;
		};
/* End XCBuildConfiguration section */

/* Begin XCConfigurationList section */
		7EA2C5FF1C1F5CFC00389748 /* Build configuration list for PBXProject "wired" */ = {
			isa = XCConfigurationList;
			buildConfigurations = (
				7EA2C6131C1F5CFC00389748 /* Debug */,
				7EA2C6141C1F5CFC00389748 /* Release */,
			);
			defaultConfigurationIsVisible = 0;
			defaultConfigurationName = Release;
		};
		7EA2C6151C1F5CFC00389748 /* Build configuration list for PBXNativeTarget "wired" */ = {
			isa = XCConfigurationList;
			buildConfigurations = (
				7EA2C6161C1F5CFC00389748 /* Debug */,
				7EA2C6171C1F5CFC00389748 /* Release */,
			);
			defaultConfigurationIsVisible = 0;
			defaultConfigurationName = Release;
		};
/* End XCConfigurationList section */
	};
	rootObject = 7EA2C5FC1C1F5CFC00389748 /* Project object */;
}
